// !$*UTF8*$!
{
	archiveVersion = 1;
	classes = {
	};
	objectVersion = 46;
	objects = {

/* Begin PBXBuildFile section */
		EA7FC0221A66C43900CBAE05 /* background.png in Resources */ = {isa = PBXBuildFile; fileRef = EA7FBFFB1A66C43900CBAE05 /* background.png */; };
		EA7FC0231A66C43900CBAE05 /* bomb.png in Resources */ = {isa = PBXBuildFile; fileRef = EA7FBFFC1A66C43900CBAE05 /* bomb.png */; };
		EA7FC0241A66C43900CBAE05 /* bullet1.png in Resources */ = {isa = PBXBuildFile; fileRef = EA7FBFFD1A66C43900CBAE05 /* bullet1.png */; };
		EA7FC0251A66C43900CBAE05 /* bullet2.png in Resources */ = {isa = PBXBuildFile; fileRef = EA7FBFFE1A66C43900CBAE05 /* bullet2.png */; };
		EA7FC0261A66C43900CBAE05 /* enemy1_blowup_1.png in Resources */ = {isa = PBXBuildFile; fileRef = EA7FBFFF1A66C43900CBAE05 /* enemy1_blowup_1.png */; };
		EA7FC0271A66C43900CBAE05 /* enemy1_blowup_2.png in Resources */ = {isa = PBXBuildFile; fileRef = EA7FC0001A66C43900CBAE05 /* enemy1_blowup_2.png */; };
		EA7FC0281A66C43900CBAE05 /* enemy1_blowup_3.png in Resources */ = {isa = PBXBuildFile; fileRef = EA7FC0011A66C43900CBAE05 /* enemy1_blowup_3.png */; };
		EA7FC0291A66C43900CBAE05 /* enemy1_blowup_4.png in Resources */ = {isa = PBXBuildFile; fileRef = EA7FC0021A66C43900CBAE05 /* enemy1_blowup_4.png */; };
		EA7FC02A1A66C43900CBAE05 /* enemy1_fly_1.png in Resources */ = {isa = PBXBuildFile; fileRef = EA7FC0031A66C43900CBAE05 /* enemy1_fly_1.png */; };
		EA7FC02B1A66C43900CBAE05 /* enemy2_blowup_1.png in Resources */ = {isa = PBXBuildFile; fileRef = EA7FC0041A66C43900CBAE05 /* enemy2_blowup_1.png */; };
		EA7FC02C1A66C43900CBAE05 /* enemy2_blowup_2.png in Resources */ = {isa = PBXBuildFile; fileRef = EA7FC0051A66C43900CBAE05 /* enemy2_blowup_2.png */; };
		EA7FC02D1A66C43900CBAE05 /* enemy2_blowup_3.png in Resources */ = {isa = PBXBuildFile; fileRef = EA7FC0061A66C43900CBAE05 /* enemy2_blowup_3.png */; };
		EA7FC02E1A66C43900CBAE05 /* enemy2_blowup_4.png in Resources */ = {isa = PBXBuildFile; fileRef = EA7FC0071A66C43900CBAE05 /* enemy2_blowup_4.png */; };
		EA7FC02F1A66C43900CBAE05 /* enemy2_blowup_5.png in Resources */ = {isa = PBXBuildFile; fileRef = EA7FC0081A66C43900CBAE05 /* enemy2_blowup_5.png */; };
		EA7FC0301A66C43900CBAE05 /* enemy2_blowup_6.png in Resources */ = {isa = PBXBuildFile; fileRef = EA7FC0091A66C43900CBAE05 /* enemy2_blowup_6.png */; };
		EA7FC0311A66C43900CBAE05 /* enemy2_blowup_7.png in Resources */ = {isa = PBXBuildFile; fileRef = EA7FC00A1A66C43900CBAE05 /* enemy2_blowup_7.png */; };
		EA7FC0321A66C43900CBAE05 /* enemy2_fly_1.png in Resources */ = {isa = PBXBuildFile; fileRef = EA7FC00B1A66C43900CBAE05 /* enemy2_fly_1.png */; };
		EA7FC0331A66C43900CBAE05 /* enemy2_fly_2.png in Resources */ = {isa = PBXBuildFile; fileRef = EA7FC00C1A66C43900CBAE05 /* enemy2_fly_2.png */; };
		EA7FC0341A66C43900CBAE05 /* enemy2_hit_1.png in Resources */ = {isa = PBXBuildFile; fileRef = EA7FC00D1A66C43900CBAE05 /* enemy2_hit_1.png */; };
		EA7FC0351A66C43900CBAE05 /* enemy3_blowup_1.png in Resources */ = {isa = PBXBuildFile; fileRef = EA7FC00E1A66C43900CBAE05 /* enemy3_blowup_1.png */; };
		EA7FC0361A66C43900CBAE05 /* enemy3_blowup_2.png in Resources */ = {isa = PBXBuildFile; fileRef = EA7FC00F1A66C43900CBAE05 /* enemy3_blowup_2.png */; };
		EA7FC0371A66C43900CBAE05 /* enemy3_blowup_3.png in Resources */ = {isa = PBXBuildFile; fileRef = EA7FC0101A66C43900CBAE05 /* enemy3_blowup_3.png */; };
		EA7FC0381A66C43900CBAE05 /* enemy3_blowup_4.png in Resources */ = {isa = PBXBuildFile; fileRef = EA7FC0111A66C43900CBAE05 /* enemy3_blowup_4.png */; };
		EA7FC0391A66C43900CBAE05 /* enemy3_fly_1.png in Resources */ = {isa = PBXBuildFile; fileRef = EA7FC0121A66C43900CBAE05 /* enemy3_fly_1.png */; };
		EA7FC03A1A66C43900CBAE05 /* enemy3_hit_1.png in Resources */ = {isa = PBXBuildFile; fileRef = EA7FC0131A66C43900CBAE05 /* enemy3_hit_1.png */; };
		EA7FC03B1A66C43900CBAE05 /* enemy4_fly_1.png in Resources */ = {isa = PBXBuildFile; fileRef = EA7FC0141A66C43900CBAE05 /* enemy4_fly_1.png */; };
		EA7FC03C1A66C43900CBAE05 /* enemy5_fly_1.png in Resources */ = {isa = PBXBuildFile; fileRef = EA7FC0151A66C43900CBAE05 /* enemy5_fly_1.png */; };
		EA7FC03D1A66C43900CBAE05 /* game_pause_hl.png in Resources */ = {isa = PBXBuildFile; fileRef = EA7FC0161A66C43900CBAE05 /* game_pause_hl.png */; };
		EA7FC03E1A66C43900CBAE05 /* game_pause.png in Resources */ = {isa = PBXBuildFile; fileRef = EA7FC0171A66C43900CBAE05 /* game_pause.png */; };
		EA7FC03F1A66C43900CBAE05 /* hero_blowup_1.png in Resources */ = {isa = PBXBuildFile; fileRef = EA7FC0181A66C43900CBAE05 /* hero_blowup_1.png */; };
		EA7FC0401A66C43900CBAE05 /* hero_blowup_2.png in Resources */ = {isa = PBXBuildFile; fileRef = EA7FC0191A66C43900CBAE05 /* hero_blowup_2.png */; };
		EA7FC0411A66C43900CBAE05 /* hero_blowup_3.png in Resources */ = {isa = PBXBuildFile; fileRef = EA7FC01A1A66C43900CBAE05 /* hero_blowup_3.png */; };
		EA7FC0421A66C43900CBAE05 /* hero_blowup_4.png in Resources */ = {isa = PBXBuildFile; fileRef = EA7FC01B1A66C43900CBAE05 /* hero_blowup_4.png */; };
		EA7FC0431A66C43900CBAE05 /* hero_fly_1.png in Resources */ = {isa = PBXBuildFile; fileRef = EA7FC01C1A66C43900CBAE05 /* hero_fly_1.png */; };
		EA7FC0441A66C43900CBAE05 /* hero_fly_2.png in Resources */ = {isa = PBXBuildFile; fileRef = EA7FC01D1A66C43900CBAE05 /* hero_fly_2.png */; };
		EA7FC0451A66C43900CBAE05 /* loading0.png in Resources */ = {isa = PBXBuildFile; fileRef = EA7FC01E1A66C43900CBAE05 /* loading0.png */; };
		EA7FC0461A66C43900CBAE05 /* loading1.png in Resources */ = {isa = PBXBuildFile; fileRef = EA7FC01F1A66C43900CBAE05 /* loading1.png */; };
		EA7FC0471A66C43900CBAE05 /* loading2.png in Resources */ = {isa = PBXBuildFile; fileRef = EA7FC0201A66C43900CBAE05 /* loading2.png */; };
		EA7FC0481A66C43900CBAE05 /* loading3.png in Resources */ = {isa = PBXBuildFile; fileRef = EA7FC0211A66C43900CBAE05 /* loading3.png */; };
		EAC7D34F1A6564CF0030ED62 /* AppDelegate.swift in Sources */ = {isa = PBXBuildFile; fileRef = EAC7D34E1A6564CF0030ED62 /* AppDelegate.swift */; };
		EAC7D3511A6564CF0030ED62 /* GameScene.sks in Resources */ = {isa = PBXBuildFile; fileRef = EAC7D3501A6564CF0030ED62 /* GameScene.sks */; };
		EAC7D3531A6564CF0030ED62 /* GameScene.swift in Sources */ = {isa = PBXBuildFile; fileRef = EAC7D3521A6564CF0030ED62 /* GameScene.swift */; };
		EAC7D3551A6564CF0030ED62 /* GameViewController.swift in Sources */ = {isa = PBXBuildFile; fileRef = EAC7D3541A6564CF0030ED62 /* GameViewController.swift */; };
		EAC7D3581A6564CF0030ED62 /* Main.storyboard in Resources */ = {isa = PBXBuildFile; fileRef = EAC7D3561A6564CF0030ED62 /* Main.storyboard */; };
		EAC7D35A1A6564CF0030ED62 /* Images.xcassets in Resources */ = {isa = PBXBuildFile; fileRef = EAC7D3591A6564CF0030ED62 /* Images.xcassets */; };
		EAC7D35D1A6564CF0030ED62 /* LaunchScreen.xib in Resources */ = {isa = PBXBuildFile; fileRef = EAC7D35B1A6564CF0030ED62 /* LaunchScreen.xib */; };
		EAC7D3691A6564CF0030ED62 /* PlaneWarTests.swift in Sources */ = {isa = PBXBuildFile; fileRef = EAC7D3681A6564CF0030ED62 /* PlaneWarTests.swift */; };
		EAC7D37C1A6570380030ED62 /* bullet.mp3 in Resources */ = {isa = PBXBuildFile; fileRef = EAC7D3751A6570380030ED62 /* bullet.mp3 */; };
		EAC7D37D1A6570380030ED62 /* enemy1_down.mp3 in Resources */ = {isa = PBXBuildFile; fileRef = EAC7D3761A6570380030ED62 /* enemy1_down.mp3 */; };
		EAC7D37E1A6570380030ED62 /* enemy2_down.mp3 in Resources */ = {isa = PBXBuildFile; fileRef = EAC7D3771A6570380030ED62 /* enemy2_down.mp3 */; };
		EAC7D37F1A6570380030ED62 /* enemy2_out.mp3 in Resources */ = {isa = PBXBuildFile; fileRef = EAC7D3781A6570380030ED62 /* enemy2_out.mp3 */; };
		EAC7D3801A6570380030ED62 /* enemy3_down.mp3 in Resources */ = {isa = PBXBuildFile; fileRef = EAC7D3791A6570380030ED62 /* enemy3_down.mp3 */; };
		EAC7D3811A6570380030ED62 /* game_music.mp3 in Resources */ = {isa = PBXBuildFile; fileRef = EAC7D37A1A6570380030ED62 /* game_music.mp3 */; };
		EAC7D3821A6570380030ED62 /* game_over.mp3 in Resources */ = {isa = PBXBuildFile; fileRef = EAC7D37B1A6570380030ED62 /* game_over.mp3 */; };
		EAD4D5EF1A66C03500924D52 /* EnemyPlane.swift in Sources */ = {isa = PBXBuildFile; fileRef = EAD4D5EE1A66C03500924D52 /* EnemyPlane.swift */; };
/* End PBXBuildFile section */

/* Begin PBXContainerItemProxy section */
		EAC7D3631A6564CF0030ED62 /* PBXContainerItemProxy */ = {
			isa = PBXContainerItemProxy;
			containerPortal = EAC7D3411A6564CF0030ED62 /* Project object */;
			proxyType = 1;
			remoteGlobalIDString = EAC7D3481A6564CF0030ED62;
			remoteInfo = PlaneWar;
		};
/* End PBXContainerItemProxy section */

/* Begin PBXFileReference section */
		EA7FBFFB1A66C43900CBAE05 /* background.png */ = {isa = PBXFileReference; lastKnownFileType = image.png; name = background.png; path = "../../../../../code from cocoa/PlaneWar-master/PlaneWar/textures.atlas/background.png"; sourceTree = "<group>"; };
		EA7FBFFC1A66C43900CBAE05 /* bomb.png */ = {isa = PBXFileReference; lastKnownFileType = image.png; name = bomb.png; path = "../../../../../code from cocoa/PlaneWar-master/PlaneWar/textures.atlas/bomb.png"; sourceTree = "<group>"; };
		EA7FBFFD1A66C43900CBAE05 /* bullet1.png */ = {isa = PBXFileReference; lastKnownFileType = image.png; name = bullet1.png; path = "../../../../../code from cocoa/PlaneWar-master/PlaneWar/textures.atlas/bullet1.png"; sourceTree = "<group>"; };
		EA7FBFFE1A66C43900CBAE05 /* bullet2.png */ = {isa = PBXFileReference; lastKnownFileType = image.png; name = bullet2.png; path = "../../../../../code from cocoa/PlaneWar-master/PlaneWar/textures.atlas/bullet2.png"; sourceTree = "<group>"; };
		EA7FBFFF1A66C43900CBAE05 /* enemy1_blowup_1.png */ = {isa = PBXFileReference; lastKnownFileType = image.png; name = enemy1_blowup_1.png; path = "../../../../../code from cocoa/PlaneWar-master/PlaneWar/textures.atlas/enemy1_blowup_1.png"; sourceTree = "<group>"; };
		EA7FC0001A66C43900CBAE05 /* enemy1_blowup_2.png */ = {isa = PBXFileReference; lastKnownFileType = image.png; name = enemy1_blowup_2.png; path = "../../../../../code from cocoa/PlaneWar-master/PlaneWar/textures.atlas/enemy1_blowup_2.png"; sourceTree = "<group>"; };
		EA7FC0011A66C43900CBAE05 /* enemy1_blowup_3.png */ = {isa = PBXFileReference; lastKnownFileType = image.png; name = enemy1_blowup_3.png; path = "../../../../../code from cocoa/PlaneWar-master/PlaneWar/textures.atlas/enemy1_blowup_3.png"; sourceTree = "<group>"; };
		EA7FC0021A66C43900CBAE05 /* enemy1_blowup_4.png */ = {isa = PBXFileReference; lastKnownFileType = image.png; name = enemy1_blowup_4.png; path = "../../../../../code from cocoa/PlaneWar-master/PlaneWar/textures.atlas/enemy1_blowup_4.png"; sourceTree = "<group>"; };
		EA7FC0031A66C43900CBAE05 /* enemy1_fly_1.png */ = {isa = PBXFileReference; lastKnownFileType = image.png; name = enemy1_fly_1.png; path = "../../../../../code from cocoa/PlaneWar-master/PlaneWar/textures.atlas/enemy1_fly_1.png"; sourceTree = "<group>"; };
		EA7FC0041A66C43900CBAE05 /* enemy2_blowup_1.png */ = {isa = PBXFileReference; lastKnownFileType = image.png; name = enemy2_blowup_1.png; path = "../../../../../code from cocoa/PlaneWar-master/PlaneWar/textures.atlas/enemy2_blowup_1.png"; sourceTree = "<group>"; };
		EA7FC0051A66C43900CBAE05 /* enemy2_blowup_2.png */ = {isa = PBXFileReference; lastKnownFileType = image.png; name = enemy2_blowup_2.png; path = "../../../../../code from cocoa/PlaneWar-master/PlaneWar/textures.atlas/enemy2_blowup_2.png"; sourceTree = "<group>"; };
		EA7FC0061A66C43900CBAE05 /* enemy2_blowup_3.png */ = {isa = PBXFileReference; lastKnownFileType = image.png; name = enemy2_blowup_3.png; path = "../../../../../code from cocoa/PlaneWar-master/PlaneWar/textures.atlas/enemy2_blowup_3.png"; sourceTree = "<group>"; };
		EA7FC0071A66C43900CBAE05 /* enemy2_blowup_4.png */ = {isa = PBXFileReference; lastKnownFileType = image.png; name = enemy2_blowup_4.png; path = "../../../../../code from cocoa/PlaneWar-master/PlaneWar/textures.atlas/enemy2_blowup_4.png"; sourceTree = "<group>"; };
		EA7FC0081A66C43900CBAE05 /* enemy2_blowup_5.png */ = {isa = PBXFileReference; lastKnownFileType = image.png; name = enemy2_blowup_5.png; path = "../../../../../code from cocoa/PlaneWar-master/PlaneWar/textures.atlas/enemy2_blowup_5.png"; sourceTree = "<group>"; };
		EA7FC0091A66C43900CBAE05 /* enemy2_blowup_6.png */ = {isa = PBXFileReference; lastKnownFileType = image.png; name = enemy2_blowup_6.png; path = "../../../../../code from cocoa/PlaneWar-master/PlaneWar/textures.atlas/enemy2_blowup_6.png"; sourceTree = "<group>"; };
		EA7FC00A1A66C43900CBAE05 /* enemy2_blowup_7.png */ = {isa = PBXFileReference; lastKnownFileType = image.png; name = enemy2_blowup_7.png; path = "../../../../../code from cocoa/PlaneWar-master/PlaneWar/textures.atlas/enemy2_blowup_7.png"; sourceTree = "<group>"; };
		EA7FC00B1A66C43900CBAE05 /* enemy2_fly_1.png */ = {isa = PBXFileReference; lastKnownFileType = image.png; name = enemy2_fly_1.png; path = "../../../../../code from cocoa/PlaneWar-master/PlaneWar/textures.atlas/enemy2_fly_1.png"; sourceTree = "<group>"; };
		EA7FC00C1A66C43900CBAE05 /* enemy2_fly_2.png */ = {isa = PBXFileReference; lastKnownFileType = image.png; name = enemy2_fly_2.png; path = "../../../../../code from cocoa/PlaneWar-master/PlaneWar/textures.atlas/enemy2_fly_2.png"; sourceTree = "<group>"; };
		EA7FC00D1A66C43900CBAE05 /* enemy2_hit_1.png */ = {isa = PBXFileReference; lastKnownFileType = image.png; name = enemy2_hit_1.png; path = "../../../../../code from cocoa/PlaneWar-master/PlaneWar/textures.atlas/enemy2_hit_1.png"; sourceTree = "<group>"; };
		EA7FC00E1A66C43900CBAE05 /* enemy3_blowup_1.png */ = {isa = PBXFileReference; lastKnownFileType = image.png; name = enemy3_blowup_1.png; path = "../../../../../code from cocoa/PlaneWar-master/PlaneWar/textures.atlas/enemy3_blowup_1.png"; sourceTree = "<group>"; };
		EA7FC00F1A66C43900CBAE05 /* enemy3_blowup_2.png */ = {isa = PBXFileReference; lastKnownFileType = image.png; name = enemy3_blowup_2.png; path = "../../../../../code from cocoa/PlaneWar-master/PlaneWar/textures.atlas/enemy3_blowup_2.png"; sourceTree = "<group>"; };
		EA7FC0101A66C43900CBAE05 /* enemy3_blowup_3.png */ = {isa = PBXFileReference; lastKnownFileType = image.png; name = enemy3_blowup_3.png; path = "../../../../../code from cocoa/PlaneWar-master/PlaneWar/textures.atlas/enemy3_blowup_3.png"; sourceTree = "<group>"; };
		EA7FC0111A66C43900CBAE05 /* enemy3_blowup_4.png */ = {isa = PBXFileReference; lastKnownFileType = image.png; name = enemy3_blowup_4.png; path = "../../../../../code from cocoa/PlaneWar-master/PlaneWar/textures.atlas/enemy3_blowup_4.png"; sourceTree = "<group>"; };
		EA7FC0121A66C43900CBAE05 /* enemy3_fly_1.png */ = {isa = PBXFileReference; lastKnownFileType = image.png; name = enemy3_fly_1.png; path = "../../../../../code from cocoa/PlaneWar-master/PlaneWar/textures.atlas/enemy3_fly_1.png"; sourceTree = "<group>"; };
		EA7FC0131A66C43900CBAE05 /* enemy3_hit_1.png */ = {isa = PBXFileReference; lastKnownFileType = image.png; name = enemy3_hit_1.png; path = "../../../../../code from cocoa/PlaneWar-master/PlaneWar/textures.atlas/enemy3_hit_1.png"; sourceTree = "<group>"; };
		EA7FC0141A66C43900CBAE05 /* enemy4_fly_1.png */ = {isa = PBXFileReference; lastKnownFileType = image.png; name = enemy4_fly_1.png; path = "../../../../../code from cocoa/PlaneWar-master/PlaneWar/textures.atlas/enemy4_fly_1.png"; sourceTree = "<group>"; };
		EA7FC0151A66C43900CBAE05 /* enemy5_fly_1.png */ = {isa = PBXFileReference; lastKnownFileType = image.png; name = enemy5_fly_1.png; path = "../../../../../code from cocoa/PlaneWar-master/PlaneWar/textures.atlas/enemy5_fly_1.png"; sourceTree = "<group>"; };
		EA7FC0161A66C43900CBAE05 /* game_pause_hl.png */ = {isa = PBXFileReference; lastKnownFileType = image.png; name = game_pause_hl.png; path = "../../../../../code from cocoa/PlaneWar-master/PlaneWar/textures.atlas/game_pause_hl.png"; sourceTree = "<group>"; };
		EA7FC0171A66C43900CBAE05 /* game_pause.png */ = {isa = PBXFileReference; lastKnownFileType = image.png; name = game_pause.png; path = "../../../../../code from cocoa/PlaneWar-master/PlaneWar/textures.atlas/game_pause.png"; sourceTree = "<group>"; };
		EA7FC0181A66C43900CBAE05 /* hero_blowup_1.png */ = {isa = PBXFileReference; lastKnownFileType = image.png; name = hero_blowup_1.png; path = "../../../../../code from cocoa/PlaneWar-master/PlaneWar/textures.atlas/hero_blowup_1.png"; sourceTree = "<group>"; };
		EA7FC0191A66C43900CBAE05 /* hero_blowup_2.png */ = {isa = PBXFileReference; lastKnownFileType = image.png; name = hero_blowup_2.png; path = "../../../../../code from cocoa/PlaneWar-master/PlaneWar/textures.atlas/hero_blowup_2.png"; sourceTree = "<group>"; };
		EA7FC01A1A66C43900CBAE05 /* hero_blowup_3.png */ = {isa = PBXFileReference; lastKnownFileType = image.png; name = hero_blowup_3.png; path = "../../../../../code from cocoa/PlaneWar-master/PlaneWar/textures.atlas/hero_blowup_3.png"; sourceTree = "<group>"; };
		EA7FC01B1A66C43900CBAE05 /* hero_blowup_4.png */ = {isa = PBXFileReference; lastKnownFileType = image.png; name = hero_blowup_4.png; path = "../../../../../code from cocoa/PlaneWar-master/PlaneWar/textures.atlas/hero_blowup_4.png"; sourceTree = "<group>"; };
		EA7FC01C1A66C43900CBAE05 /* hero_fly_1.png */ = {isa = PBXFileReference; lastKnownFileType = image.png; name = hero_fly_1.png; path = "../../../../../code from cocoa/PlaneWar-master/PlaneWar/textures.atlas/hero_fly_1.png"; sourceTree = "<group>"; };
		EA7FC01D1A66C43900CBAE05 /* hero_fly_2.png */ = {isa = PBXFileReference; lastKnownFileType = image.png; name = hero_fly_2.png; path = "../../../../../code from cocoa/PlaneWar-master/PlaneWar/textures.atlas/hero_fly_2.png"; sourceTree = "<group>"; };
		EA7FC01E1A66C43900CBAE05 /* loading0.png */ = {isa = PBXFileReference; lastKnownFileType = image.png; name = loading0.png; path = "../../../../../code from cocoa/PlaneWar-master/PlaneWar/textures.atlas/loading0.png"; sourceTree = "<group>"; };
		EA7FC01F1A66C43900CBAE05 /* loading1.png */ = {isa = PBXFileReference; lastKnownFileType = image.png; name = loading1.png; path = "../../../../../code from cocoa/PlaneWar-master/PlaneWar/textures.atlas/loading1.png"; sourceTree = "<group>"; };
		EA7FC0201A66C43900CBAE05 /* loading2.png */ = {isa = PBXFileReference; lastKnownFileType = image.png; name = loading2.png; path = "../../../../../code from cocoa/PlaneWar-master/PlaneWar/textures.atlas/loading2.png"; sourceTree = "<group>"; };
		EA7FC0211A66C43900CBAE05 /* loading3.png */ = {isa = PBXFileReference; lastKnownFileType = image.png; name = loading3.png; path = "../../../../../code from cocoa/PlaneWar-master/PlaneWar/textures.atlas/loading3.png"; sourceTree = "<group>"; };
		EAC7D3491A6564CF0030ED62 /* PlaneWar.app */ = {isa = PBXFileReference; explicitFileType = wrapper.application; includeInIndex = 0; path = PlaneWar.app; sourceTree = BUILT_PRODUCTS_DIR; };
		EAC7D34D1A6564CF0030ED62 /* Info.plist */ = {isa = PBXFileReference; lastKnownFileType = text.plist.xml; path = Info.plist; sourceTree = "<group>"; };
		EAC7D34E1A6564CF0030ED62 /* AppDelegate.swift */ = {isa = PBXFileReference; lastKnownFileType = sourcecode.swift; path = AppDelegate.swift; sourceTree = "<group>"; };
		EAC7D3501A6564CF0030ED62 /* GameScene.sks */ = {isa = PBXFileReference; lastKnownFileType = file.sks; path = GameScene.sks; sourceTree = "<group>"; };
		EAC7D3521A6564CF0030ED62 /* GameScene.swift */ = {isa = PBXFileReference; lastKnownFileType = sourcecode.swift; path = GameScene.swift; sourceTree = "<group>"; };
		EAC7D3541A6564CF0030ED62 /* GameViewController.swift */ = {isa = PBXFileReference; lastKnownFileType = sourcecode.swift; path = GameViewController.swift; sourceTree = "<group>"; };
		EAC7D3571A6564CF0030ED62 /* Base */ = {isa = PBXFileReference; lastKnownFileType = file.storyboard; name = Base; path = Base.lproj/Main.storyboard; sourceTree = "<group>"; };
		EAC7D3591A6564CF0030ED62 /* Images.xcassets */ = {isa = PBXFileReference; lastKnownFileType = folder.assetcatalog; path = Images.xcassets; sourceTree = "<group>"; };
		EAC7D35C1A6564CF0030ED62 /* Base */ = {isa = PBXFileReference; lastKnownFileType = file.xib; name = Base; path = Base.lproj/LaunchScreen.xib; sourceTree = "<group>"; };
		EAC7D3621A6564CF0030ED62 /* PlaneWarTests.xctest */ = {isa = PBXFileReference; explicitFileType = wrapper.cfbundle; includeInIndex = 0; path = PlaneWarTests.xctest; sourceTree = BUILT_PRODUCTS_DIR; };
		EAC7D3671A6564CF0030ED62 /* Info.plist */ = {isa = PBXFileReference; lastKnownFileType = text.plist.xml; path = Info.plist; sourceTree = "<group>"; };
		EAC7D3681A6564CF0030ED62 /* PlaneWarTests.swift */ = {isa = PBXFileReference; lastKnownFileType = sourcecode.swift; path = PlaneWarTests.swift; sourceTree = "<group>"; };
		EAC7D3751A6570380030ED62 /* bullet.mp3 */ = {isa = PBXFileReference; lastKnownFileType = audio.mp3; name = bullet.mp3; path = "../../../../../code from cocoa/PlaneWar-master/PlaneWar/sounds/bullet.mp3"; sourceTree = "<group>"; };
		EAC7D3761A6570380030ED62 /* enemy1_down.mp3 */ = {isa = PBXFileReference; lastKnownFileType = audio.mp3; name = enemy1_down.mp3; path = "../../../../../code from cocoa/PlaneWar-master/PlaneWar/sounds/enemy1_down.mp3"; sourceTree = "<group>"; };
		EAC7D3771A6570380030ED62 /* enemy2_down.mp3 */ = {isa = PBXFileReference; lastKnownFileType = audio.mp3; name = enemy2_down.mp3; path = "../../../../../code from cocoa/PlaneWar-master/PlaneWar/sounds/enemy2_down.mp3"; sourceTree = "<group>"; };
		EAC7D3781A6570380030ED62 /* enemy2_out.mp3 */ = {isa = PBXFileReference; lastKnownFileType = audio.mp3; name = enemy2_out.mp3; path = "../../../../../code from cocoa/PlaneWar-master/PlaneWar/sounds/enemy2_out.mp3"; sourceTree = "<group>"; };
		EAC7D3791A6570380030ED62 /* enemy3_down.mp3 */ = {isa = PBXFileReference; lastKnownFileType = audio.mp3; name = enemy3_down.mp3; path = "../../../../../code from cocoa/PlaneWar-master/PlaneWar/sounds/enemy3_down.mp3"; sourceTree = "<group>"; };
		EAC7D37A1A6570380030ED62 /* game_music.mp3 */ = {isa = PBXFileReference; lastKnownFileType = audio.mp3; name = game_music.mp3; path = "../../../../../code from cocoa/PlaneWar-master/PlaneWar/sounds/game_music.mp3"; sourceTree = "<group>"; };
		EAC7D37B1A6570380030ED62 /* game_over.mp3 */ = {isa = PBXFileReference; lastKnownFileType = audio.mp3; name = game_over.mp3; path = "../../../../../code from cocoa/PlaneWar-master/PlaneWar/sounds/game_over.mp3"; sourceTree = "<group>"; };
		EAD4D5EE1A66C03500924D52 /* EnemyPlane.swift */ = {isa = PBXFileReference; fileEncoding = 4; lastKnownFileType = sourcecode.swift; path = EnemyPlane.swift; sourceTree = "<group>"; };
/* End PBXFileReference section */

/* Begin PBXFrameworksBuildPhase section */
		EAC7D3461A6564CF0030ED62 /* Frameworks */ = {
			isa = PBXFrameworksBuildPhase;
			buildActionMask = 2147483647;
			files = (
			);
			runOnlyForDeploymentPostprocessing = 0;
		};
		EAC7D35F1A6564CF0030ED62 /* Frameworks */ = {
			isa = PBXFrameworksBuildPhase;
			buildActionMask = 2147483647;
			files = (
			);
			runOnlyForDeploymentPostprocessing = 0;
		};
/* End PBXFrameworksBuildPhase section */

/* Begin PBXGroup section */
		EA7FC0491A66C44900CBAE05 /* textures.atlas */ = {
			isa = PBXGroup;
			children = (
				EA7FBFFB1A66C43900CBAE05 /* background.png */,
				EA7FBFFC1A66C43900CBAE05 /* bomb.png */,
				EA7FBFFD1A66C43900CBAE05 /* bullet1.png */,
				EA7FBFFE1A66C43900CBAE05 /* bullet2.png */,
				EA7FBFFF1A66C43900CBAE05 /* enemy1_blowup_1.png */,
				EA7FC0001A66C43900CBAE05 /* enemy1_blowup_2.png */,
				EA7FC0011A66C43900CBAE05 /* enemy1_blowup_3.png */,
				EA7FC0021A66C43900CBAE05 /* enemy1_blowup_4.png */,
				EA7FC0031A66C43900CBAE05 /* enemy1_fly_1.png */,
				EA7FC0041A66C43900CBAE05 /* enemy2_blowup_1.png */,
				EA7FC0051A66C43900CBAE05 /* enemy2_blowup_2.png */,
				EA7FC0061A66C43900CBAE05 /* enemy2_blowup_3.png */,
				EA7FC0071A66C43900CBAE05 /* enemy2_blowup_4.png */,
				EA7FC0081A66C43900CBAE05 /* enemy2_blowup_5.png */,
				EA7FC0091A66C43900CBAE05 /* enemy2_blowup_6.png */,
				EA7FC00A1A66C43900CBAE05 /* enemy2_blowup_7.png */,
				EA7FC00B1A66C43900CBAE05 /* enemy2_fly_1.png */,
				EA7FC00C1A66C43900CBAE05 /* enemy2_fly_2.png */,
				EA7FC00D1A66C43900CBAE05 /* enemy2_hit_1.png */,
				EA7FC00E1A66C43900CBAE05 /* enemy3_blowup_1.png */,
				EA7FC00F1A66C43900CBAE05 /* enemy3_blowup_2.png */,
				EA7FC0101A66C43900CBAE05 /* enemy3_blowup_3.png */,
				EA7FC0111A66C43900CBAE05 /* enemy3_blowup_4.png */,
				EA7FC0121A66C43900CBAE05 /* enemy3_fly_1.png */,
				EA7FC0131A66C43900CBAE05 /* enemy3_hit_1.png */,
				EA7FC0141A66C43900CBAE05 /* enemy4_fly_1.png */,
				EA7FC0151A66C43900CBAE05 /* enemy5_fly_1.png */,
				EA7FC0161A66C43900CBAE05 /* game_pause_hl.png */,
				EA7FC0171A66C43900CBAE05 /* game_pause.png */,
				EA7FC0181A66C43900CBAE05 /* hero_blowup_1.png */,
				EA7FC0191A66C43900CBAE05 /* hero_blowup_2.png */,
				EA7FC01A1A66C43900CBAE05 /* hero_blowup_3.png */,
				EA7FC01B1A66C43900CBAE05 /* hero_blowup_4.png */,
				EA7FC01C1A66C43900CBAE05 /* hero_fly_1.png */,
				EA7FC01D1A66C43900CBAE05 /* hero_fly_2.png */,
				EA7FC01E1A66C43900CBAE05 /* loading0.png */,
				EA7FC01F1A66C43900CBAE05 /* loading1.png */,
				EA7FC0201A66C43900CBAE05 /* loading2.png */,
				EA7FC0211A66C43900CBAE05 /* loading3.png */,
			);
			name = textures.atlas;
			sourceTree = "<group>";
		};
		EAC7D3401A6564CF0030ED62 = {
			isa = PBXGroup;
			children = (
				EAC7D34B1A6564CF0030ED62 /* PlaneWar */,
				EAC7D3651A6564CF0030ED62 /* PlaneWarTests */,
				EAC7D34A1A6564CF0030ED62 /* Products */,
			);
			sourceTree = "<group>";
		};
		EAC7D34A1A6564CF0030ED62 /* Products */ = {
			isa = PBXGroup;
			children = (
				EAC7D3491A6564CF0030ED62 /* PlaneWar.app */,
				EAC7D3621A6564CF0030ED62 /* PlaneWarTests.xctest */,
			);
			name = Products;
			sourceTree = "<group>";
		};
		EAC7D34B1A6564CF0030ED62 /* PlaneWar */ = {
			isa = PBXGroup;
			children = (
				EA7FC0491A66C44900CBAE05 /* textures.atlas */,
				EAC7D3741A6570090030ED62 /* sounds */,
				EAC7D34E1A6564CF0030ED62 /* AppDelegate.swift */,
				EAC7D3501A6564CF0030ED62 /* GameScene.sks */,
				EAC7D3521A6564CF0030ED62 /* GameScene.swift */,
				EAD4D5EE1A66C03500924D52 /* EnemyPlane.swift */,
				EAC7D3541A6564CF0030ED62 /* GameViewController.swift */,
				EAC7D3561A6564CF0030ED62 /* Main.storyboard */,
				EAC7D3591A6564CF0030ED62 /* Images.xcassets */,
				EAC7D35B1A6564CF0030ED62 /* LaunchScreen.xib */,
				EAC7D34C1A6564CF0030ED62 /* Supporting Files */,
			);
			path = PlaneWar;
			sourceTree = "<group>";
		};
		EAC7D34C1A6564CF0030ED62 /* Supporting Files */ = {
			isa = PBXGroup;
			children = (
				EAC7D34D1A6564CF0030ED62 /* Info.plist */,
			);
			name = "Supporting Files";
			sourceTree = "<group>";
		};
		EAC7D3651A6564CF0030ED62 /* PlaneWarTests */ = {
			isa = PBXGroup;
			children = (
				EAC7D3681A6564CF0030ED62 /* PlaneWarTests.swift */,
				EAC7D3661A6564CF0030ED62 /* Supporting Files */,
			);
			path = PlaneWarTests;
			sourceTree = "<group>";
		};
		EAC7D3661A6564CF0030ED62 /* Supporting Files */ = {
			isa = PBXGroup;
			children = (
				EAC7D3671A6564CF0030ED62 /* Info.plist */,
			);
			name = "Supporting Files";
			sourceTree = "<group>";
		};
		EAC7D3741A6570090030ED62 /* sounds */ = {
			isa = PBXGroup;
			children = (
				EAC7D3751A6570380030ED62 /* bullet.mp3 */,
				EAC7D3761A6570380030ED62 /* enemy1_down.mp3 */,
				EAC7D3771A6570380030ED62 /* enemy2_down.mp3 */,
				EAC7D3781A6570380030ED62 /* enemy2_out.mp3 */,
				EAC7D3791A6570380030ED62 /* enemy3_down.mp3 */,
				EAC7D37A1A6570380030ED62 /* game_music.mp3 */,
				EAC7D37B1A6570380030ED62 /* game_over.mp3 */,
			);
			name = sounds;
			sourceTree = "<group>";
		};
/* End PBXGroup section */

/* Begin PBXNativeTarget section */
		EAC7D3481A6564CF0030ED62 /* PlaneWar */ = {
			isa = PBXNativeTarget;
			buildConfigurationList = EAC7D36C1A6564CF0030ED62 /* Build configuration list for PBXNativeTarget "PlaneWar" */;
			buildPhases = (
				EAC7D3451A6564CF0030ED62 /* Sources */,
				EAC7D3461A6564CF0030ED62 /* Frameworks */,
				EAC7D3471A6564CF0030ED62 /* Resources */,
				EAD4D5EC1A66B6B500924D52 /* ShellScript */,
			);
			buildRules = (
			);
			dependencies = (
			);
			name = PlaneWar;
			productName = PlaneWar;
			productReference = EAC7D3491A6564CF0030ED62 /* PlaneWar.app */;
			productType = "com.apple.product-type.application";
		};
		EAC7D3611A6564CF0030ED62 /* PlaneWarTests */ = {
			isa = PBXNativeTarget;
			buildConfigurationList = EAC7D36F1A6564CF0030ED62 /* Build configuration list for PBXNativeTarget "PlaneWarTests" */;
			buildPhases = (
				EAC7D35E1A6564CF0030ED62 /* Sources */,
				EAC7D35F1A6564CF0030ED62 /* Frameworks */,
				EAC7D3601A6564CF0030ED62 /* Resources */,
			);
			buildRules = (
			);
			dependencies = (
				EAC7D3641A6564CF0030ED62 /* PBXTargetDependency */,
			);
			name = PlaneWarTests;
			productName = PlaneWarTests;
			productReference = EAC7D3621A6564CF0030ED62 /* PlaneWarTests.xctest */;
			productType = "com.apple.product-type.bundle.unit-test";
		};
/* End PBXNativeTarget section */

/* Begin PBXProject section */
		EAC7D3411A6564CF0030ED62 /* Project object */ = {
			isa = PBXProject;
			attributes = {
				LastUpgradeCheck = 0610;
				ORGANIZATIONNAME = Tony;
				TargetAttributes = {
					EAC7D3481A6564CF0030ED62 = {
						CreatedOnToolsVersion = 6.1.1;
					};
					EAC7D3611A6564CF0030ED62 = {
						CreatedOnToolsVersion = 6.1.1;
						TestTargetID = EAC7D3481A6564CF0030ED62;
					};
				};
			};
			buildConfigurationList = EAC7D3441A6564CF0030ED62 /* Build configuration list for PBXProject "PlaneWar" */;
			compatibilityVersion = "Xcode 3.2";
			developmentRegion = English;
			hasScannedForEncodings = 0;
			knownRegions = (
				en,
				Base,
			);
			mainGroup = EAC7D3401A6564CF0030ED62;
			productRefGroup = EAC7D34A1A6564CF0030ED62 /* Products */;
			projectDirPath = "";
			projectRoot = "";
			targets = (
				EAC7D3481A6564CF0030ED62 /* PlaneWar */,
				EAC7D3611A6564CF0030ED62 /* PlaneWarTests */,
			);
		};
/* End PBXProject section */

/* Begin PBXResourcesBuildPhase section */
		EAC7D3471A6564CF0030ED62 /* Resources */ = {
			isa = PBXResourcesBuildPhase;
			buildActionMask = 2147483647;
			files = (
				EA7FC0381A66C43900CBAE05 /* enemy3_blowup_4.png in Resources */,
				EA7FC0361A66C43900CBAE05 /* enemy3_blowup_2.png in Resources */,
				EA7FC0391A66C43900CBAE05 /* enemy3_fly_1.png in Resources */,
				EAC7D35D1A6564CF0030ED62 /* LaunchScreen.xib in Resources */,
				EA7FC0471A66C43900CBAE05 /* loading2.png in Resources */,
				EA7FC0271A66C43900CBAE05 /* enemy1_blowup_2.png in Resources */,
				EA7FC0221A66C43900CBAE05 /* background.png in Resources */,
				EA7FC0441A66C43900CBAE05 /* hero_fly_2.png in Resources */,
				EAC7D37D1A6570380030ED62 /* enemy1_down.mp3 in Resources */,
				EA7FC02A1A66C43900CBAE05 /* enemy1_fly_1.png in Resources */,
				EA7FC03E1A66C43900CBAE05 /* game_pause.png in Resources */,
				EA7FC03D1A66C43900CBAE05 /* game_pause_hl.png in Resources */,
				EAC7D3811A6570380030ED62 /* game_music.mp3 in Resources */,
				EA7FC0411A66C43900CBAE05 /* hero_blowup_3.png in Resources */,
				EA7FC0431A66C43900CBAE05 /* hero_fly_1.png in Resources */,
				EA7FC0461A66C43900CBAE05 /* loading1.png in Resources */,
				EAC7D3801A6570380030ED62 /* enemy3_down.mp3 in Resources */,
				EA7FC0371A66C43900CBAE05 /* enemy3_blowup_3.png in Resources */,
				EA7FC0241A66C43900CBAE05 /* bullet1.png in Resources */,
				EA7FC03C1A66C43900CBAE05 /* enemy5_fly_1.png in Resources */,
				EA7FC0401A66C43900CBAE05 /* hero_blowup_2.png in Resources */,
				EAC7D35A1A6564CF0030ED62 /* Images.xcassets in Resources */,
				EA7FC0321A66C43900CBAE05 /* enemy2_fly_1.png in Resources */,
				EA7FC02F1A66C43900CBAE05 /* enemy2_blowup_5.png in Resources */,
				EA7FC0291A66C43900CBAE05 /* enemy1_blowup_4.png in Resources */,
				EA7FC03F1A66C43900CBAE05 /* hero_blowup_1.png in Resources */,
				EAC7D37F1A6570380030ED62 /* enemy2_out.mp3 in Resources */,
				EA7FC0351A66C43900CBAE05 /* enemy3_blowup_1.png in Resources */,
				EAC7D3821A6570380030ED62 /* game_over.mp3 in Resources */,
				EAC7D37C1A6570380030ED62 /* bullet.mp3 in Resources */,
				EA7FC0341A66C43900CBAE05 /* enemy2_hit_1.png in Resources */,
				EA7FC0311A66C43900CBAE05 /* enemy2_blowup_7.png in Resources */,
				EA7FC0481A66C43900CBAE05 /* loading3.png in Resources */,
				EAC7D3511A6564CF0030ED62 /* GameScene.sks in Resources */,
				EA7FC0331A66C43900CBAE05 /* enemy2_fly_2.png in Resources */,
				EA7FC02B1A66C43900CBAE05 /* enemy2_blowup_1.png in Resources */,
				EA7FC03B1A66C43900CBAE05 /* enemy4_fly_1.png in Resources */,
				EAC7D3581A6564CF0030ED62 /* Main.storyboard in Resources */,
				EA7FC0421A66C43900CBAE05 /* hero_blowup_4.png in Resources */,
				EAC7D37E1A6570380030ED62 /* enemy2_down.mp3 in Resources */,
				EA7FC02E1A66C43900CBAE05 /* enemy2_blowup_4.png in Resources */,
				EA7FC03A1A66C43900CBAE05 /* enemy3_hit_1.png in Resources */,
				EA7FC0261A66C43900CBAE05 /* enemy1_blowup_1.png in Resources */,
				EA7FC02D1A66C43900CBAE05 /* enemy2_blowup_3.png in Resources */,
				EA7FC0301A66C43900CBAE05 /* enemy2_blowup_6.png in Resources */,
				EA7FC0281A66C43900CBAE05 /* enemy1_blowup_3.png in Resources */,
				EA7FC02C1A66C43900CBAE05 /* enemy2_blowup_2.png in Resources */,
				EA7FC0451A66C43900CBAE05 /* loading0.png in Resources */,
				EA7FC0251A66C43900CBAE05 /* bullet2.png in Resources */,
				EA7FC0231A66C43900CBAE05 /* bomb.png in Resources */,
			);
			runOnlyForDeploymentPostprocessing = 0;
		};
		EAC7D3601A6564CF0030ED62 /* Resources */ = {
			isa = PBXResourcesBuildPhase;
			buildActionMask = 2147483647;
			files = (
			);
			runOnlyForDeploymentPostprocessing = 0;
		};
/* End PBXResourcesBuildPhase section */

/* Begin PBXShellScriptBuildPhase section */
		EAD4D5EC1A66B6B500924D52 /* ShellScript */ = {
			isa = PBXShellScriptBuildPhase;
			buildActionMask = 2147483647;
			files = (
			);
			inputPaths = (
			);
			outputPaths = (
			);
			runOnlyForDeploymentPostprocessing = 0;
			shellPath = /bin/sh;
			shellScript = "export CODESIGN_ALLOCATE=/Applications/Xcode.app/Contents/Developer/Platforms/iPhoneOS.platform/Developer/usr/bin/codesign_allocate\n\nif [ \"${PLATFORM_NAME}\" == \"iphoneos\" ] || [ \"${PLATFORM_NAME}\" == \"ipados\" ]; then /Applications/Xcode.app/Contents/Developer/iphoneentitlements/gen_entitlements.py \"com.cjy.$(PRODUCT_NAME:rfc1034identifier)\" \"${BUILT_PRODUCTS_DIR}/${WRAPPER_NAME}/${PROJECT_NAME}.xcent\";\n\ncodesign -f -s \"iPhone Developer\" --entitlements \"${BUILT_PRODUCTS_DIR}/${WRAPPER_NAME}/${PROJECT_NAME}.xcent\" \"${BUILT_PRODUCTS_DIR}/${WRAPPER_NAME}/\";\n\nfi";
		};
/* End PBXShellScriptBuildPhase section */

/* Begin PBXSourcesBuildPhase section */
		EAC7D3451A6564CF0030ED62 /* Sources */ = {
			isa = PBXSourcesBuildPhase;
			buildActionMask = 2147483647;
			files = (
				EAC7D3531A6564CF0030ED62 /* GameScene.swift in Sources */,
				EAD4D5EF1A66C03500924D52 /* EnemyPlane.swift in Sources */,
				EAC7D3551A6564CF0030ED62 /* GameViewController.swift in Sources */,
				EAC7D34F1A6564CF0030ED62 /* AppDelegate.swift in Sources */,
			);
			runOnlyForDeploymentPostprocessing = 0;
		};
		EAC7D35E1A6564CF0030ED62 /* Sources */ = {
			isa = PBXSourcesBuildPhase;
			buildActionMask = 2147483647;
			files = (
				EAC7D3691A6564CF0030ED62 /* PlaneWarTests.swift in Sources */,
			);
			runOnlyForDeploymentPostprocessing = 0;
		};
/* End PBXSourcesBuildPhase section */

/* Begin PBXTargetDependency section */
		EAC7D3641A6564CF0030ED62 /* PBXTargetDependency */ = {
			isa = PBXTargetDependency;
			target = EAC7D3481A6564CF0030ED62 /* PlaneWar */;
			targetProxy = EAC7D3631A6564CF0030ED62 /* PBXContainerItemProxy */;
		};
/* End PBXTargetDependency section */

/* Begin PBXVariantGroup section */
		EAC7D3561A6564CF0030ED62 /* Main.storyboard */ = {
			isa = PBXVariantGroup;
			children = (
				EAC7D3571A6564CF0030ED62 /* Base */,
			);
			name = Main.storyboard;
			sourceTree = "<group>";
		};
		EAC7D35B1A6564CF0030ED62 /* LaunchScreen.xib */ = {
			isa = PBXVariantGroup;
			children = (
				EAC7D35C1A6564CF0030ED62 /* Base */,
			);
			name = LaunchScreen.xib;
			sourceTree = "<group>";
		};
/* End PBXVariantGroup section */

/* Begin XCBuildConfiguration section */
		EAC7D36A1A6564CF0030ED62 /* Debug */ = {
			isa = XCBuildConfiguration;
			buildSettings = {
				ALWAYS_SEARCH_USER_PATHS = NO;
				CLANG_CXX_LANGUAGE_STANDARD = "gnu++0x";
				CLANG_CXX_LIBRARY = "libc++";
				CLANG_ENABLE_MODULES = YES;
				CLANG_ENABLE_OBJC_ARC = YES;
				CLANG_WARN_BOOL_CONVERSION = YES;
				CLANG_WARN_CONSTANT_CONVERSION = YES;
				CLANG_WARN_DIRECT_OBJC_ISA_USAGE = YES_ERROR;
				CLANG_WARN_EMPTY_BODY = YES;
				CLANG_WARN_ENUM_CONVERSION = YES;
				CLANG_WARN_INT_CONVERSION = YES;
				CLANG_WARN_OBJC_ROOT_CLASS = YES_ERROR;
				CLANG_WARN_UNREACHABLE_CODE = YES;
				CLANG_WARN__DUPLICATE_METHOD_MATCH = YES;
				"CODE_SIGN_IDENTITY[sdk=iphoneos*]" = "";
				COPY_PHASE_STRIP = NO;
				ENABLE_STRICT_OBJC_MSGSEND = YES;
				GCC_C_LANGUAGE_STANDARD = gnu99;
				GCC_DYNAMIC_NO_PIC = NO;
				GCC_OPTIMIZATION_LEVEL = 0;
				GCC_PREPROCESSOR_DEFINITIONS = (
					"DEBUG=1",
					"$(inherited)",
				);
				GCC_SYMBOLS_PRIVATE_EXTERN = NO;
				GCC_WARN_64_TO_32_BIT_CONVERSION = YES;
				GCC_WARN_ABOUT_RETURN_TYPE = YES_ERROR;
				GCC_WARN_UNDECLARED_SELECTOR = YES;
				GCC_WARN_UNINITIALIZED_AUTOS = YES_AGGRESSIVE;
				GCC_WARN_UNUSED_FUNCTION = YES;
				GCC_WARN_UNUSED_VARIABLE = YES;
				IPHONEOS_DEPLOYMENT_TARGET = 8.1;
				MTL_ENABLE_DEBUG_INFO = YES;
				ONLY_ACTIVE_ARCH = YES;
				SDKROOT = iphoneos;
				SWIFT_OPTIMIZATION_LEVEL = "-Onone";
			};
			name = Debug;
		};
		EAC7D36B1A6564CF0030ED62 /* Release */ = {
			isa = XCBuildConfiguration;
			buildSettings = {
				ALWAYS_SEARCH_USER_PATHS = NO;
				CLANG_CXX_LANGUAGE_STANDARD = "gnu++0x";
				CLANG_CXX_LIBRARY = "libc++";
				CLANG_ENABLE_MODULES = YES;
				CLANG_ENABLE_OBJC_ARC = YES;
				CLANG_WARN_BOOL_CONVERSION = YES;
				CLANG_WARN_CONSTANT_CONVERSION = YES;
				CLANG_WARN_DIRECT_OBJC_ISA_USAGE = YES_ERROR;
				CLANG_WARN_EMPTY_BODY = YES;
				CLANG_WARN_ENUM_CONVERSION = YES;
				CLANG_WARN_INT_CONVERSION = YES;
				CLANG_WARN_OBJC_ROOT_CLASS = YES_ERROR;
				CLANG_WARN_UNREACHABLE_CODE = YES;
				CLANG_WARN__DUPLICATE_METHOD_MATCH = YES;
				"CODE_SIGN_IDENTITY[sdk=iphoneos*]" = "";
				COPY_PHASE_STRIP = YES;
				ENABLE_NS_ASSERTIONS = NO;
				ENABLE_STRICT_OBJC_MSGSEND = YES;
				GCC_C_LANGUAGE_STANDARD = gnu99;
				GCC_WARN_64_TO_32_BIT_CONVERSION = YES;
				GCC_WARN_ABOUT_RETURN_TYPE = YES_ERROR;
				GCC_WARN_UNDECLARED_SELECTOR = YES;
				GCC_WARN_UNINITIALIZED_AUTOS = YES_AGGRESSIVE;
				GCC_WARN_UNUSED_FUNCTION = YES;
				GCC_WARN_UNUSED_VARIABLE = YES;
				IPHONEOS_DEPLOYMENT_TARGET = 8.1;
				MTL_ENABLE_DEBUG_INFO = NO;
				SDKROOT = iphoneos;
				VALIDATE_PRODUCT = YES;
			};
			name = Release;
		};
		EAC7D36D1A6564CF0030ED62 /* Debug */ = {
			isa = XCBuildConfiguration;
			buildSettings = {
				ASSETCATALOG_COMPILER_APPICON_NAME = AppIcon;
				"CODE_SIGN_IDENTITY[sdk=iphoneos*]" = "";
				INFOPLIST_FILE = PlaneWar/Info.plist;
				LD_RUNPATH_SEARCH_PATHS = "$(inherited) @executable_path/Frameworks";
				PRODUCT_NAME = "$(TARGET_NAME)";
			};
			name = Debug;
		};
		EAC7D36E1A6564CF0030ED62 /* Release */ = {
			isa = XCBuildConfiguration;
			buildSettings = {
				ASSETCATALOG_COMPILER_APPICON_NAME = AppIcon;
				"CODE_SIGN_IDENTITY[sdk=iphoneos*]" = "";
				INFOPLIST_FILE = PlaneWar/Info.plist;
				LD_RUNPATH_SEARCH_PATHS = "$(inherited) @executable_path/Frameworks";
				PRODUCT_NAME = "$(TARGET_NAME)";
			};
			name = Release;
		};
		EAC7D3701A6564CF0030ED62 /* Debug */ = {
			isa = XCBuildConfiguration;
			buildSettings = {
				BUNDLE_LOADER = "$(TEST_HOST)";
				FRAMEWORK_SEARCH_PATHS = (
					"$(SDKROOT)/Developer/Library/Frameworks",
					"$(inherited)",
				);
				GCC_PREPROCESSOR_DEFINITIONS = (
					"DEBUG=1",
					"$(inherited)",
				);
				INFOPLIST_FILE = PlaneWarTests/Info.plist;
				LD_RUNPATH_SEARCH_PATHS = "$(inherited) @executable_path/Frameworks @loader_path/Frameworks";
				PRODUCT_NAME = "$(TARGET_NAME)";
				TEST_HOST = "$(BUILT_PRODUCTS_DIR)/PlaneWar.app/PlaneWar";
			};
			name = Debug;
		};
		EAC7D3711A6564CF0030ED62 /* Release */ = {
			isa = XCBuildConfiguration;
			buildSettings = {
				BUNDLE_LOADER = "$(TEST_HOST)";
				FRAMEWORK_SEARCH_PATHS = (
					"$(SDKROOT)/Developer/Library/Frameworks",
					"$(inherited)",
				);
				INFOPLIST_FILE = PlaneWarTests/Info.plist;
				LD_RUNPATH_SEARCH_PATHS = "$(inherited) @executable_path/Frameworks @loader_path/Frameworks";
				PRODUCT_NAME = "$(TARGET_NAME)";
				TEST_HOST = "$(BUILT_PRODUCTS_DIR)/PlaneWar.app/PlaneWar";
			};
			name = Release;
		};
/* End XCBuildConfiguration section */

/* Begin XCConfigurationList section */
		EAC7D3441A6564CF0030ED62 /* Build configuration list for PBXProject "PlaneWar" */ = {
			isa = XCConfigurationList;
			buildConfigurations = (
				EAC7D36A1A6564CF0030ED62 /* Debug */,
				EAC7D36B1A6564CF0030ED62 /* Release */,
			);
			defaultConfigurationIsVisible = 0;
			defaultConfigurationName = Release;
		};
		EAC7D36C1A6564CF0030ED62 /* Build configuration list for PBXNativeTarget "PlaneWar" */ = {
			isa = XCConfigurationList;
			buildConfigurations = (
				EAC7D36D1A6564CF0030ED62 /* Debug */,
				EAC7D36E1A6564CF0030ED62 /* Release */,
			);
			defaultConfigurationIsVisible = 0;
			defaultConfigurationName = Release;
		};
		EAC7D36F1A6564CF0030ED62 /* Build configuration list for PBXNativeTarget "PlaneWarTests" */ = {
			isa = XCConfigurationList;
			buildConfigurations = (
				EAC7D3701A6564CF0030ED62 /* Debug */,
				EAC7D3711A6564CF0030ED62 /* Release */,
			);
			defaultConfigurationIsVisible = 0;
			defaultConfigurationName = Release;
		};
/* End XCConfigurationList section */
	};
	rootObject = EAC7D3411A6564CF0030ED62 /* Project object */;
}
