// !$*UTF8*$!
{
	archiveVersion = 1;
	classes = {
	};
	objectVersion = 46;
	objects = {

/* Begin PBXBuildFile section */
		EA3410461A5EC5BC00198EEB /* AppDelegate.swift in Sources */ = {isa = PBXBuildFile; fileRef = EA3410451A5EC5BC00198EEB /* AppDelegate.swift */; };
		EA3410481A5EC5BC00198EEB /* ViewController.swift in Sources */ = {isa = PBXBuildFile; fileRef = EA3410471A5EC5BC00198EEB /* ViewController.swift */; };
		EA34104B1A5EC5BC00198EEB /* Main.storyboard in Resources */ = {isa = PBXBuildFile; fileRef = EA3410491A5EC5BC00198EEB /* Main.storyboard */; };
		EA34104D1A5EC5BC00198EEB /* Images.xcassets in Resources */ = {isa = PBXBuildFile; fileRef = EA34104C1A5EC5BC00198EEB /* Images.xcassets */; };
		EA3410501A5EC5BC00198EEB /* LaunchScreen.xib in Resources */ = {isa = PBXBuildFile; fileRef = EA34104E1A5EC5BC00198EEB /* LaunchScreen.xib */; };
		EA34105C1A5EC5BC00198EEB /* DBFMTests.swift in Sources */ = {isa = PBXBuildFile; fileRef = EA34105B1A5EC5BC00198EEB /* DBFMTests.swift */; };
/* End PBXBuildFile section */

/* Begin PBXContainerItemProxy section */
		EA3410561A5EC5BC00198EEB /* PBXContainerItemProxy */ = {
			isa = PBXContainerItemProxy;
			containerPortal = EA3410381A5EC5BC00198EEB /* Project object */;
			proxyType = 1;
			remoteGlobalIDString = EA34103F1A5EC5BC00198EEB;
			remoteInfo = DBFM;
		};
/* End PBXContainerItemProxy section */

/* Begin PBXFileReference section */
		EA3410401A5EC5BC00198EEB /* DBFM.app */ = {isa = PBXFileReference; explicitFileType = wrapper.application; includeInIndex = 0; path = DBFM.app; sourceTree = BUILT_PRODUCTS_DIR; };
		EA3410441A5EC5BC00198EEB /* Info.plist */ = {isa = PBXFileReference; lastKnownFileType = text.plist.xml; path = Info.plist; sourceTree = "<group>"; };
		EA3410451A5EC5BC00198EEB /* AppDelegate.swift */ = {isa = PBXFileReference; lastKnownFileType = sourcecode.swift; path = AppDelegate.swift; sourceTree = "<group>"; };
		EA3410471A5EC5BC00198EEB /* ViewController.swift */ = {isa = PBXFileReference; lastKnownFileType = sourcecode.swift; path = ViewController.swift; sourceTree = "<group>"; };
		EA34104A1A5EC5BC00198EEB /* Base */ = {isa = PBXFileReference; lastKnownFileType = file.storyboard; name = Base; path = Base.lproj/Main.storyboard; sourceTree = "<group>"; };
		EA34104C1A5EC5BC00198EEB /* Images.xcassets */ = {isa = PBXFileReference; lastKnownFileType = folder.assetcatalog; path = Images.xcassets; sourceTree = "<group>"; };
		EA34104F1A5EC5BC00198EEB /* Base */ = {isa = PBXFileReference; lastKnownFileType = file.xib; name = Base; path = Base.lproj/LaunchScreen.xib; sourceTree = "<group>"; };
		EA3410551A5EC5BC00198EEB /* DBFMTests.xctest */ = {isa = PBXFileReference; explicitFileType = wrapper.cfbundle; includeInIndex = 0; path = DBFMTests.xctest; sourceTree = BUILT_PRODUCTS_DIR; };
		EA34105A1A5EC5BC00198EEB /* Info.plist */ = {isa = PBXFileReference; lastKnownFileType = text.plist.xml; path = Info.plist; sourceTree = "<group>"; };
		EA34105B1A5EC5BC00198EEB /* DBFMTests.swift */ = {isa = PBXFileReference; lastKnownFileType = sourcecode.swift; path = DBFMTests.swift; sourceTree = "<group>"; };
/* End PBXFileReference section */

/* Begin PBXFrameworksBuildPhase section */
		EA34103D1A5EC5BC00198EEB /* Frameworks */ = {
			isa = PBXFrameworksBuildPhase;
			buildActionMask = 2147483647;
			files = (
			);
			runOnlyForDeploymentPostprocessing = 0;
		};
		EA3410521A5EC5BC00198EEB /* Frameworks */ = {
			isa = PBXFrameworksBuildPhase;
			buildActionMask = 2147483647;
			files = (
			);
			runOnlyForDeploymentPostprocessing = 0;
		};
/* End PBXFrameworksBuildPhase section */

/* Begin PBXGroup section */
		EA3410371A5EC5BC00198EEB = {
			isa = PBXGroup;
			children = (
				EA3410421A5EC5BC00198EEB /* DBFM */,
				EA3410581A5EC5BC00198EEB /* DBFMTests */,
				EA3410411A5EC5BC00198EEB /* Products */,
			);
			sourceTree = "<group>";
		};
		EA3410411A5EC5BC00198EEB /* Products */ = {
			isa = PBXGroup;
			children = (
				EA3410401A5EC5BC00198EEB /* DBFM.app */,
				EA3410551A5EC5BC00198EEB /* DBFMTests.xctest */,
			);
			name = Products;
			sourceTree = "<group>";
		};
		EA3410421A5EC5BC00198EEB /* DBFM */ = {
			isa = PBXGroup;
			children = (
				EA3410451A5EC5BC00198EEB /* AppDelegate.swift */,
				EA3410471A5EC5BC00198EEB /* ViewController.swift */,
				EA3410491A5EC5BC00198EEB /* Main.storyboard */,
				EA34104C1A5EC5BC00198EEB /* Images.xcassets */,
				EA34104E1A5EC5BC00198EEB /* LaunchScreen.xib */,
				EA3410431A5EC5BC00198EEB /* Supporting Files */,
			);
			path = DBFM;
			sourceTree = "<group>";
		};
		EA3410431A5EC5BC00198EEB /* Supporting Files */ = {
			isa = PBXGroup;
			children = (
				EA3410441A5EC5BC00198EEB /* Info.plist */,
			);
			name = "Supporting Files";
			sourceTree = "<group>";
		};
		EA3410581A5EC5BC00198EEB /* DBFMTests */ = {
			isa = PBXGroup;
			children = (
				EA34105B1A5EC5BC00198EEB /* DBFMTests.swift */,
				EA3410591A5EC5BC00198EEB /* Supporting Files */,
			);
			path = DBFMTests;
			sourceTree = "<group>";
		};
		EA3410591A5EC5BC00198EEB /* Supporting Files */ = {
			isa = PBXGroup;
			children = (
				EA34105A1A5EC5BC00198EEB /* Info.plist */,
			);
			name = "Supporting Files";
			sourceTree = "<group>";
		};
/* End PBXGroup section */

/* Begin PBXNativeTarget section */
		EA34103F1A5EC5BC00198EEB /* DBFM */ = {
			isa = PBXNativeTarget;
			buildConfigurationList = EA34105F1A5EC5BC00198EEB /* Build configuration list for PBXNativeTarget "DBFM" */;
			buildPhases = (
				EA34103C1A5EC5BC00198EEB /* Sources */,
				EA34103D1A5EC5BC00198EEB /* Frameworks */,
				EA34103E1A5EC5BC00198EEB /* Resources */,
			);
			buildRules = (
			);
			dependencies = (
			);
			name = DBFM;
			productName = DBFM;
			productReference = EA3410401A5EC5BC00198EEB /* DBFM.app */;
			productType = "com.apple.product-type.application";
		};
		EA3410541A5EC5BC00198EEB /* DBFMTests */ = {
			isa = PBXNativeTarget;
			buildConfigurationList = EA3410621A5EC5BC00198EEB /* Build configuration list for PBXNativeTarget "DBFMTests" */;
			buildPhases = (
				EA3410511A5EC5BC00198EEB /* Sources */,
				EA3410521A5EC5BC00198EEB /* Frameworks */,
				EA3410531A5EC5BC00198EEB /* Resources */,
			);
			buildRules = (
			);
			dependencies = (
				EA3410571A5EC5BC00198EEB /* PBXTargetDependency */,
			);
			name = DBFMTests;
			productName = DBFMTests;
			productReference = EA3410551A5EC5BC00198EEB /* DBFMTests.xctest */;
			productType = "com.apple.product-type.bundle.unit-test";
		};
/* End PBXNativeTarget section */

/* Begin PBXProject section */
		EA3410381A5EC5BC00198EEB /* Project object */ = {
			isa = PBXProject;
			attributes = {
				LastUpgradeCheck = 0610;
				ORGANIZATIONNAME = Tony;
				TargetAttributes = {
					EA34103F1A5EC5BC00198EEB = {
						CreatedOnToolsVersion = 6.1.1;
					};
					EA3410541A5EC5BC00198EEB = {
						CreatedOnToolsVersion = 6.1.1;
						TestTargetID = EA34103F1A5EC5BC00198EEB;
					};
				};
			};
			buildConfigurationList = EA34103B1A5EC5BC00198EEB /* Build configuration list for PBXProject "DBFM" */;
			compatibilityVersion = "Xcode 3.2";
			developmentRegion = English;
			hasScannedForEncodings = 0;
			knownRegions = (
				en,
				Base,
			);
			mainGroup = EA3410371A5EC5BC00198EEB;
			productRefGroup = EA3410411A5EC5BC00198EEB /* Products */;
			projectDirPath = "";
			projectRoot = "";
			targets = (
				EA34103F1A5EC5BC00198EEB /* DBFM */,
				EA3410541A5EC5BC00198EEB /* DBFMTests */,
			);
		};
/* End PBXProject section */

/* Begin PBXResourcesBuildPhase section */
		EA34103E1A5EC5BC00198EEB /* Resources */ = {
			isa = PBXResourcesBuildPhase;
			buildActionMask = 2147483647;
			files = (
				EA34104B1A5EC5BC00198EEB /* Main.storyboard in Resources */,
				EA3410501A5EC5BC00198EEB /* LaunchScreen.xib in Resources */,
				EA34104D1A5EC5BC00198EEB /* Images.xcassets in Resources */,
			);
			runOnlyForDeploymentPostprocessing = 0;
		};
		EA3410531A5EC5BC00198EEB /* Resources */ = {
			isa = PBXResourcesBuildPhase;
			buildActionMask = 2147483647;
			files = (
			);
			runOnlyForDeploymentPostprocessing = 0;
		};
/* End PBXResourcesBuildPhase section */

/* Begin PBXSourcesBuildPhase section */
		EA34103C1A5EC5BC00198EEB /* Sources */ = {
			isa = PBXSourcesBuildPhase;
			buildActionMask = 2147483647;
			files = (
				EA3410481A5EC5BC00198EEB /* ViewController.swift in Sources */,
				EA3410461A5EC5BC00198EEB /* AppDelegate.swift in Sources */,
			);
			runOnlyForDeploymentPostprocessing = 0;
		};
		EA3410511A5EC5BC00198EEB /* Sources */ = {
			isa = PBXSourcesBuildPhase;
			buildActionMask = 2147483647;
			files = (
				EA34105C1A5EC5BC00198EEB /* DBFMTests.swift in Sources */,
			);
			runOnlyForDeploymentPostprocessing = 0;
		};
/* End PBXSourcesBuildPhase section */

/* Begin PBXTargetDependency section */
		EA3410571A5EC5BC00198EEB /* PBXTargetDependency */ = {
			isa = PBXTargetDependency;
			target = EA34103F1A5EC5BC00198EEB /* DBFM */;
			targetProxy = EA3410561A5EC5BC00198EEB /* PBXContainerItemProxy */;
		};
/* End PBXTargetDependency section */

/* Begin PBXVariantGroup section */
		EA3410491A5EC5BC00198EEB /* Main.storyboard */ = {
			isa = PBXVariantGroup;
			children = (
				EA34104A1A5EC5BC00198EEB /* Base */,
			);
			name = Main.storyboard;
			sourceTree = "<group>";
		};
		EA34104E1A5EC5BC00198EEB /* LaunchScreen.xib */ = {
			isa = PBXVariantGroup;
			children = (
				EA34104F1A5EC5BC00198EEB /* Base */,
			);
			name = LaunchScreen.xib;
			sourceTree = "<group>";
		};
/* End PBXVariantGroup section */

/* Begin XCBuildConfiguration section */
		EA34105D1A5EC5BC00198EEB /* Debug */ = {
			isa = XCBuildConfiguration;
			buildSettings = {
				ALWAYS_SEARCH_USER_PATHS = NO;
				CLANG_CXX_LANGUAGE_STANDARD = "gnu++0x";
				CLANG_CXX_LIBRARY = "libc++";
				CLANG_ENABLE_MODULES = YES;
				CLANG_ENABLE_OBJC_ARC = YES;
				CLANG_WARN_BOOL_CONVERSION = YES;
				CLANG_WARN_CONSTANT_CONVERSION = YES;
				CLANG_WARN_DIRECT_OBJC_ISA_USAGE = YES_ERROR;
				CLANG_WARN_EMPTY_BODY = YES;
				CLANG_WARN_ENUM_CONVERSION = YES;
				CLANG_WARN_INT_CONVERSION = YES;
				CLANG_WARN_OBJC_ROOT_CLASS = YES_ERROR;
				CLANG_WARN_UNREACHABLE_CODE = YES;
				CLANG_WARN__DUPLICATE_METHOD_MATCH = YES;
				"CODE_SIGN_IDENTITY[sdk=iphoneos*]" = "";
				COPY_PHASE_STRIP = NO;
				ENABLE_STRICT_OBJC_MSGSEND = YES;
				GCC_C_LANGUAGE_STANDARD = gnu99;
				GCC_DYNAMIC_NO_PIC = NO;
				GCC_OPTIMIZATION_LEVEL = 0;
				GCC_PREPROCESSOR_DEFINITIONS = (
					"DEBUG=1",
					"$(inherited)",
				);
				GCC_SYMBOLS_PRIVATE_EXTERN = NO;
				GCC_WARN_64_TO_32_BIT_CONVERSION = YES;
				GCC_WARN_ABOUT_RETURN_TYPE = YES_ERROR;
				GCC_WARN_UNDECLARED_SELECTOR = YES;
				GCC_WARN_UNINITIALIZED_AUTOS = YES_AGGRESSIVE;
				GCC_WARN_UNUSED_FUNCTION = YES;
				GCC_WARN_UNUSED_VARIABLE = YES;
				IPHONEOS_DEPLOYMENT_TARGET = 8.1;
				MTL_ENABLE_DEBUG_INFO = YES;
				ONLY_ACTIVE_ARCH = YES;
				SDKROOT = iphoneos;
				SWIFT_OPTIMIZATION_LEVEL = "-Onone";
			};
			name = Debug;
		};
		EA34105E1A5EC5BC00198EEB /* Release */ = {
			isa = XCBuildConfiguration;
			buildSettings = {
				ALWAYS_SEARCH_USER_PATHS = NO;
				CLANG_CXX_LANGUAGE_STANDARD = "gnu++0x";
				CLANG_CXX_LIBRARY = "libc++";
				CLANG_ENABLE_MODULES = YES;
				CLANG_ENABLE_OBJC_ARC = YES;
				CLANG_WARN_BOOL_CONVERSION = YES;
				CLANG_WARN_CONSTANT_CONVERSION = YES;
				CLANG_WARN_DIRECT_OBJC_ISA_USAGE = YES_ERROR;
				CLANG_WARN_EMPTY_BODY = YES;
				CLANG_WARN_ENUM_CONVERSION = YES;
				CLANG_WARN_INT_CONVERSION = YES;
				CLANG_WARN_OBJC_ROOT_CLASS = YES_ERROR;
				CLANG_WARN_UNREACHABLE_CODE = YES;
				CLANG_WARN__DUPLICATE_METHOD_MATCH = YES;
				"CODE_SIGN_IDENTITY[sdk=iphoneos*]" = "";
				COPY_PHASE_STRIP = YES;
				ENABLE_NS_ASSERTIONS = NO;
				ENABLE_STRICT_OBJC_MSGSEND = YES;
				GCC_C_LANGUAGE_STANDARD = gnu99;
				GCC_WARN_64_TO_32_BIT_CONVERSION = YES;
				GCC_WARN_ABOUT_RETURN_TYPE = YES_ERROR;
				GCC_WARN_UNDECLARED_SELECTOR = YES;
				GCC_WARN_UNINITIALIZED_AUTOS = YES_AGGRESSIVE;
				GCC_WARN_UNUSED_FUNCTION = YES;
				GCC_WARN_UNUSED_VARIABLE = YES;
				IPHONEOS_DEPLOYMENT_TARGET = 8.1;
				MTL_ENABLE_DEBUG_INFO = NO;
				SDKROOT = iphoneos;
				VALIDATE_PRODUCT = YES;
			};
			name = Release;
		};
		EA3410601A5EC5BC00198EEB /* Debug */ = {
			isa = XCBuildConfiguration;
			buildSettings = {
				ASSETCATALOG_COMPILER_APPICON_NAME = AppIcon;
				"CODE_SIGN_IDENTITY[sdk=iphoneos*]" = "";
				INFOPLIST_FILE = DBFM/Info.plist;
				LD_RUNPATH_SEARCH_PATHS = "$(inherited) @executable_path/Frameworks";
				PRODUCT_NAME = "$(TARGET_NAME)";
			};
			name = Debug;
		};
		EA3410611A5EC5BC00198EEB /* Release */ = {
			isa = XCBuildConfiguration;
			buildSettings = {
				ASSETCATALOG_COMPILER_APPICON_NAME = AppIcon;
				"CODE_SIGN_IDENTITY[sdk=iphoneos*]" = "";
				INFOPLIST_FILE = DBFM/Info.plist;
				LD_RUNPATH_SEARCH_PATHS = "$(inherited) @executable_path/Frameworks";
				PRODUCT_NAME = "$(TARGET_NAME)";
			};
			name = Release;
		};
		EA3410631A5EC5BC00198EEB /* Debug */ = {
			isa = XCBuildConfiguration;
			buildSettings = {
				BUNDLE_LOADER = "$(TEST_HOST)";
				FRAMEWORK_SEARCH_PATHS = (
					"$(SDKROOT)/Developer/Library/Frameworks",
					"$(inherited)",
				);
				GCC_PREPROCESSOR_DEFINITIONS = (
					"DEBUG=1",
					"$(inherited)",
				);
				INFOPLIST_FILE = DBFMTests/Info.plist;
				LD_RUNPATH_SEARCH_PATHS = "$(inherited) @executable_path/Frameworks @loader_path/Frameworks";
				PRODUCT_NAME = "$(TARGET_NAME)";
				TEST_HOST = "$(BUILT_PRODUCTS_DIR)/DBFM.app/DBFM";
			};
			name = Debug;
		};
		EA3410641A5EC5BC00198EEB /* Release */ = {
			isa = XCBuildConfiguration;
			buildSettings = {
				BUNDLE_LOADER = "$(TEST_HOST)";
				FRAMEWORK_SEARCH_PATHS = (
					"$(SDKROOT)/Developer/Library/Frameworks",
					"$(inherited)",
				);
				INFOPLIST_FILE = DBFMTests/Info.plist;
				LD_RUNPATH_SEARCH_PATHS = "$(inherited) @executable_path/Frameworks @loader_path/Frameworks";
				PRODUCT_NAME = "$(TARGET_NAME)";
				TEST_HOST = "$(BUILT_PRODUCTS_DIR)/DBFM.app/DBFM";
			};
			name = Release;
		};
/* End XCBuildConfiguration section */

/* Begin XCConfigurationList section */
		EA34103B1A5EC5BC00198EEB /* Build configuration list for PBXProject "DBFM" */ = {
			isa = XCConfigurationList;
			buildConfigurations = (
				EA34105D1A5EC5BC00198EEB /* Debug */,
				EA34105E1A5EC5BC00198EEB /* Release */,
			);
			defaultConfigurationIsVisible = 0;
			defaultConfigurationName = Release;
		};
		EA34105F1A5EC5BC00198EEB /* Build configuration list for PBXNativeTarget "DBFM" */ = {
			isa = XCConfigurationList;
			buildConfigurations = (
				EA3410601A5EC5BC00198EEB /* Debug */,
				EA3410611A5EC5BC00198EEB /* Release */,
			);
			defaultConfigurationIsVisible = 0;
		};
		EA3410621A5EC5BC00198EEB /* Build configuration list for PBXNativeTarget "DBFMTests" */ = {
			isa = XCConfigurationList;
			buildConfigurations = (
				EA3410631A5EC5BC00198EEB /* Debug */,
				EA3410641A5EC5BC00198EEB /* Release */,
			);
			defaultConfigurationIsVisible = 0;
		};
/* End XCConfigurationList section */
	};
	rootObject = EA3410381A5EC5BC00198EEB /* Project object */;
}
