// !$*UTF8*$!
{
	archiveVersion = 1;
	classes = {
	};
	objectVersion = 46;
	objects = {

/* Begin PBXBuildFile section */
		EA0C87CA1A2F714A00E433B9 /* AppDelegate.swift in Sources */ = {isa = PBXBuildFile; fileRef = EA0C87C91A2F714A00E433B9 /* AppDelegate.swift */; };
		EA0C87CF1A2F714A00E433B9 /* Main.storyboard in Resources */ = {isa = PBXBuildFile; fileRef = EA0C87CD1A2F714A00E433B9 /* Main.storyboard */; };
		EA0C87D11A2F714A00E433B9 /* Images.xcassets in Resources */ = {isa = PBXBuildFile; fileRef = EA0C87D01A2F714A00E433B9 /* Images.xcassets */; };
		EA0C87D41A2F714A00E433B9 /* LaunchScreen.xib in Resources */ = {isa = PBXBuildFile; fileRef = EA0C87D21A2F714A00E433B9 /* LaunchScreen.xib */; };
		EA0C87E01A2F714B00E433B9 /* FoodPinTests.swift in Sources */ = {isa = PBXBuildFile; fileRef = EA0C87DF1A2F714B00E433B9 /* FoodPinTests.swift */; };
		EA0C87EA1A2F725900E433B9 /* RestaurantTableViewController.swift in Sources */ = {isa = PBXBuildFile; fileRef = EA0C87E91A2F725900E433B9 /* RestaurantTableViewController.swift */; };
		EA0C87EC1A2F74C400E433B9 /* CustomTableViewCell.swift in Sources */ = {isa = PBXBuildFile; fileRef = EA0C87EB1A2F74C400E433B9 /* CustomTableViewCell.swift */; };
		EAF7D4161A349F6C00F01638 /* DetailViewController.swift in Sources */ = {isa = PBXBuildFile; fileRef = EAF7D4151A349F6C00F01638 /* DetailViewController.swift */; };
		EAF7D4181A35DF8000F01638 /* Restaurant.swift in Sources */ = {isa = PBXBuildFile; fileRef = EAF7D4171A35DF8000F01638 /* Restaurant.swift */; };
		EAF7D41C1A35ED4C00F01638 /* DetailTableViewCell.swift in Sources */ = {isa = PBXBuildFile; fileRef = EAF7D41B1A35ED4C00F01638 /* DetailTableViewCell.swift */; };
/* End PBXBuildFile section */

/* Begin PBXContainerItemProxy section */
		EA0C87DA1A2F714B00E433B9 /* PBXContainerItemProxy */ = {
			isa = PBXContainerItemProxy;
			containerPortal = EA0C87BC1A2F714A00E433B9 /* Project object */;
			proxyType = 1;
			remoteGlobalIDString = EA0C87C31A2F714A00E433B9;
			remoteInfo = FoodPin;
		};
/* End PBXContainerItemProxy section */

/* Begin PBXFileReference section */
		EA0C87C41A2F714A00E433B9 /* FoodPin.app */ = {isa = PBXFileReference; explicitFileType = wrapper.application; includeInIndex = 0; path = FoodPin.app; sourceTree = BUILT_PRODUCTS_DIR; };
		EA0C87C81A2F714A00E433B9 /* Info.plist */ = {isa = PBXFileReference; lastKnownFileType = text.plist.xml; path = Info.plist; sourceTree = "<group>"; };
		EA0C87C91A2F714A00E433B9 /* AppDelegate.swift */ = {isa = PBXFileReference; lastKnownFileType = sourcecode.swift; path = AppDelegate.swift; sourceTree = "<group>"; };
		EA0C87CE1A2F714A00E433B9 /* Base */ = {isa = PBXFileReference; lastKnownFileType = file.storyboard; name = Base; path = Base.lproj/Main.storyboard; sourceTree = "<group>"; };
		EA0C87D01A2F714A00E433B9 /* Images.xcassets */ = {isa = PBXFileReference; lastKnownFileType = folder.assetcatalog; path = Images.xcassets; sourceTree = "<group>"; };
		EA0C87D31A2F714A00E433B9 /* Base */ = {isa = PBXFileReference; lastKnownFileType = file.xib; name = Base; path = Base.lproj/LaunchScreen.xib; sourceTree = "<group>"; };
		EA0C87D91A2F714B00E433B9 /* FoodPinTests.xctest */ = {isa = PBXFileReference; explicitFileType = wrapper.cfbundle; includeInIndex = 0; path = FoodPinTests.xctest; sourceTree = BUILT_PRODUCTS_DIR; };
		EA0C87DE1A2F714B00E433B9 /* Info.plist */ = {isa = PBXFileReference; lastKnownFileType = text.plist.xml; path = Info.plist; sourceTree = "<group>"; };
		EA0C87DF1A2F714B00E433B9 /* FoodPinTests.swift */ = {isa = PBXFileReference; lastKnownFileType = sourcecode.swift; path = FoodPinTests.swift; sourceTree = "<group>"; };
		EA0C87E91A2F725900E433B9 /* RestaurantTableViewController.swift */ = {isa = PBXFileReference; fileEncoding = 4; lastKnownFileType = sourcecode.swift; path = RestaurantTableViewController.swift; sourceTree = "<group>"; };
		EA0C87EB1A2F74C400E433B9 /* CustomTableViewCell.swift */ = {isa = PBXFileReference; fileEncoding = 4; lastKnownFileType = sourcecode.swift; path = CustomTableViewCell.swift; sourceTree = "<group>"; };
		EAF7D4151A349F6C00F01638 /* DetailViewController.swift */ = {isa = PBXFileReference; fileEncoding = 4; lastKnownFileType = sourcecode.swift; path = DetailViewController.swift; sourceTree = "<group>"; };
		EAF7D4171A35DF8000F01638 /* Restaurant.swift */ = {isa = PBXFileReference; fileEncoding = 4; lastKnownFileType = sourcecode.swift; path = Restaurant.swift; sourceTree = "<group>"; };
		EAF7D41B1A35ED4C00F01638 /* DetailTableViewCell.swift */ = {isa = PBXFileReference; fileEncoding = 4; lastKnownFileType = sourcecode.swift; path = DetailTableViewCell.swift; sourceTree = "<group>"; };
/* End PBXFileReference section */

/* Begin PBXFrameworksBuildPhase section */
		EA0C87C11A2F714A00E433B9 /* Frameworks */ = {
			isa = PBXFrameworksBuildPhase;
			buildActionMask = 2147483647;
			files = (
			);
			runOnlyForDeploymentPostprocessing = 0;
		};
		EA0C87D61A2F714B00E433B9 /* Frameworks */ = {
			isa = PBXFrameworksBuildPhase;
			buildActionMask = 2147483647;
			files = (
			);
			runOnlyForDeploymentPostprocessing = 0;
		};
/* End PBXFrameworksBuildPhase section */

/* Begin PBXGroup section */
		EA0C87BB1A2F714A00E433B9 = {
			isa = PBXGroup;
			children = (
				EA0C87C61A2F714A00E433B9 /* FoodPin */,
				EA0C87DC1A2F714B00E433B9 /* FoodPinTests */,
				EA0C87C51A2F714A00E433B9 /* Products */,
			);
			sourceTree = "<group>";
		};
		EA0C87C51A2F714A00E433B9 /* Products */ = {
			isa = PBXGroup;
			children = (
				EA0C87C41A2F714A00E433B9 /* FoodPin.app */,
				EA0C87D91A2F714B00E433B9 /* FoodPinTests.xctest */,
			);
			name = Products;
			sourceTree = "<group>";
		};
		EA0C87C61A2F714A00E433B9 /* FoodPin */ = {
			isa = PBXGroup;
			children = (
				EA0C87C91A2F714A00E433B9 /* AppDelegate.swift */,
				EA0C87CD1A2F714A00E433B9 /* Main.storyboard */,
				EA0C87D01A2F714A00E433B9 /* Images.xcassets */,
				EA0C87D21A2F714A00E433B9 /* LaunchScreen.xib */,
				EA0C87C71A2F714A00E433B9 /* Supporting Files */,
				EA0C87E91A2F725900E433B9 /* RestaurantTableViewController.swift */,
				EA0C87EB1A2F74C400E433B9 /* CustomTableViewCell.swift */,
				EAF7D4151A349F6C00F01638 /* DetailViewController.swift */,
				EAF7D4171A35DF8000F01638 /* Restaurant.swift */,
				EAF7D41B1A35ED4C00F01638 /* DetailTableViewCell.swift */,
			);
			path = FoodPin;
			sourceTree = "<group>";
		};
		EA0C87C71A2F714A00E433B9 /* Supporting Files */ = {
			isa = PBXGroup;
			children = (
				EA0C87C81A2F714A00E433B9 /* Info.plist */,
			);
			name = "Supporting Files";
			sourceTree = "<group>";
		};
		EA0C87DC1A2F714B00E433B9 /* FoodPinTests */ = {
			isa = PBXGroup;
			children = (
				EA0C87DF1A2F714B00E433B9 /* FoodPinTests.swift */,
				EA0C87DD1A2F714B00E433B9 /* Supporting Files */,
			);
			path = FoodPinTests;
			sourceTree = "<group>";
		};
		EA0C87DD1A2F714B00E433B9 /* Supporting Files */ = {
			isa = PBXGroup;
			children = (
				EA0C87DE1A2F714B00E433B9 /* Info.plist */,
			);
			name = "Supporting Files";
			sourceTree = "<group>";
		};
/* End PBXGroup section */

/* Begin PBXNativeTarget section */
		EA0C87C31A2F714A00E433B9 /* FoodPin */ = {
			isa = PBXNativeTarget;
			buildConfigurationList = EA0C87E31A2F714B00E433B9 /* Build configuration list for PBXNativeTarget "FoodPin" */;
			buildPhases = (
				EA0C87C01A2F714A00E433B9 /* Sources */,
				EA0C87C11A2F714A00E433B9 /* Frameworks */,
				EA0C87C21A2F714A00E433B9 /* Resources */,
			);
			buildRules = (
			);
			dependencies = (
			);
			name = FoodPin;
			productName = FoodPin;
			productReference = EA0C87C41A2F714A00E433B9 /* FoodPin.app */;
			productType = "com.apple.product-type.application";
		};
		EA0C87D81A2F714B00E433B9 /* FoodPinTests */ = {
			isa = PBXNativeTarget;
			buildConfigurationList = EA0C87E61A2F714B00E433B9 /* Build configuration list for PBXNativeTarget "FoodPinTests" */;
			buildPhases = (
				EA0C87D51A2F714B00E433B9 /* Sources */,
				EA0C87D61A2F714B00E433B9 /* Frameworks */,
				EA0C87D71A2F714B00E433B9 /* Resources */,
			);
			buildRules = (
			);
			dependencies = (
				EA0C87DB1A2F714B00E433B9 /* PBXTargetDependency */,
			);
			name = FoodPinTests;
			productName = FoodPinTests;
			productReference = EA0C87D91A2F714B00E433B9 /* FoodPinTests.xctest */;
			productType = "com.apple.product-type.bundle.unit-test";
		};
/* End PBXNativeTarget section */

/* Begin PBXProject section */
		EA0C87BC1A2F714A00E433B9 /* Project object */ = {
			isa = PBXProject;
			attributes = {
				LastUpgradeCheck = 0610;
				ORGANIZATIONNAME = Tony;
				TargetAttributes = {
					EA0C87C31A2F714A00E433B9 = {
						CreatedOnToolsVersion = 6.1;
					};
					EA0C87D81A2F714B00E433B9 = {
						CreatedOnToolsVersion = 6.1;
						TestTargetID = EA0C87C31A2F714A00E433B9;
					};
				};
			};
			buildConfigurationList = EA0C87BF1A2F714A00E433B9 /* Build configuration list for PBXProject "FoodPin" */;
			compatibilityVersion = "Xcode 3.2";
			developmentRegion = English;
			hasScannedForEncodings = 0;
			knownRegions = (
				en,
				Base,
			);
			mainGroup = EA0C87BB1A2F714A00E433B9;
			productRefGroup = EA0C87C51A2F714A00E433B9 /* Products */;
			projectDirPath = "";
			projectRoot = "";
			targets = (
				EA0C87C31A2F714A00E433B9 /* FoodPin */,
				EA0C87D81A2F714B00E433B9 /* FoodPinTests */,
			);
		};
/* End PBXProject section */

/* Begin PBXResourcesBuildPhase section */
		EA0C87C21A2F714A00E433B9 /* Resources */ = {
			isa = PBXResourcesBuildPhase;
			buildActionMask = 2147483647;
			files = (
				EA0C87CF1A2F714A00E433B9 /* Main.storyboard in Resources */,
				EA0C87D41A2F714A00E433B9 /* LaunchScreen.xib in Resources */,
				EA0C87D11A2F714A00E433B9 /* Images.xcassets in Resources */,
			);
			runOnlyForDeploymentPostprocessing = 0;
		};
		EA0C87D71A2F714B00E433B9 /* Resources */ = {
			isa = PBXResourcesBuildPhase;
			buildActionMask = 2147483647;
			files = (
			);
			runOnlyForDeploymentPostprocessing = 0;
		};
/* End PBXResourcesBuildPhase section */

/* Begin PBXSourcesBuildPhase section */
		EA0C87C01A2F714A00E433B9 /* Sources */ = {
			isa = PBXSourcesBuildPhase;
			buildActionMask = 2147483647;
			files = (
				EAF7D41C1A35ED4C00F01638 /* DetailTableViewCell.swift in Sources */,
				EAF7D4181A35DF8000F01638 /* Restaurant.swift in Sources */,
				EA0C87EC1A2F74C400E433B9 /* CustomTableViewCell.swift in Sources */,
				EA0C87EA1A2F725900E433B9 /* RestaurantTableViewController.swift in Sources */,
				EA0C87CA1A2F714A00E433B9 /* AppDelegate.swift in Sources */,
				EAF7D4161A349F6C00F01638 /* DetailViewController.swift in Sources */,
			);
			runOnlyForDeploymentPostprocessing = 0;
		};
		EA0C87D51A2F714B00E433B9 /* Sources */ = {
			isa = PBXSourcesBuildPhase;
			buildActionMask = 2147483647;
			files = (
				EA0C87E01A2F714B00E433B9 /* FoodPinTests.swift in Sources */,
			);
			runOnlyForDeploymentPostprocessing = 0;
		};
/* End PBXSourcesBuildPhase section */

/* Begin PBXTargetDependency section */
		EA0C87DB1A2F714B00E433B9 /* PBXTargetDependency */ = {
			isa = PBXTargetDependency;
			target = EA0C87C31A2F714A00E433B9 /* FoodPin */;
			targetProxy = EA0C87DA1A2F714B00E433B9 /* PBXContainerItemProxy */;
		};
/* End PBXTargetDependency section */

/* Begin PBXVariantGroup section */
		EA0C87CD1A2F714A00E433B9 /* Main.storyboard */ = {
			isa = PBXVariantGroup;
			children = (
				EA0C87CE1A2F714A00E433B9 /* Base */,
			);
			name = Main.storyboard;
			sourceTree = "<group>";
		};
		EA0C87D21A2F714A00E433B9 /* LaunchScreen.xib */ = {
			isa = PBXVariantGroup;
			children = (
				EA0C87D31A2F714A00E433B9 /* Base */,
			);
			name = LaunchScreen.xib;
			sourceTree = "<group>";
		};
/* End PBXVariantGroup section */

/* Begin XCBuildConfiguration section */
		EA0C87E11A2F714B00E433B9 /* Debug */ = {
			isa = XCBuildConfiguration;
			buildSettings = {
				ALWAYS_SEARCH_USER_PATHS = NO;
				CLANG_CXX_LANGUAGE_STANDARD = "gnu++0x";
				CLANG_CXX_LIBRARY = "libc++";
				CLANG_ENABLE_MODULES = YES;
				CLANG_ENABLE_OBJC_ARC = YES;
				CLANG_WARN_BOOL_CONVERSION = YES;
				CLANG_WARN_CONSTANT_CONVERSION = YES;
				CLANG_WARN_DIRECT_OBJC_ISA_USAGE = YES_ERROR;
				CLANG_WARN_EMPTY_BODY = YES;
				CLANG_WARN_ENUM_CONVERSION = YES;
				CLANG_WARN_INT_CONVERSION = YES;
				CLANG_WARN_OBJC_ROOT_CLASS = YES_ERROR;
				CLANG_WARN_UNREACHABLE_CODE = YES;
				CLANG_WARN__DUPLICATE_METHOD_MATCH = YES;
				"CODE_SIGN_IDENTITY[sdk=iphoneos*]" = "iPhone Developer";
				COPY_PHASE_STRIP = NO;
				ENABLE_STRICT_OBJC_MSGSEND = YES;
				GCC_C_LANGUAGE_STANDARD = gnu99;
				GCC_DYNAMIC_NO_PIC = NO;
				GCC_OPTIMIZATION_LEVEL = 0;
				GCC_PREPROCESSOR_DEFINITIONS = (
					"DEBUG=1",
					"$(inherited)",
				);
				GCC_SYMBOLS_PRIVATE_EXTERN = NO;
				GCC_WARN_64_TO_32_BIT_CONVERSION = YES;
				GCC_WARN_ABOUT_RETURN_TYPE = YES_ERROR;
				GCC_WARN_UNDECLARED_SELECTOR = YES;
				GCC_WARN_UNINITIALIZED_AUTOS = YES_AGGRESSIVE;
				GCC_WARN_UNUSED_FUNCTION = YES;
				GCC_WARN_UNUSED_VARIABLE = YES;
				IPHONEOS_DEPLOYMENT_TARGET = 8.1;
				MTL_ENABLE_DEBUG_INFO = YES;
				ONLY_ACTIVE_ARCH = YES;
				SDKROOT = iphoneos;
				SWIFT_OPTIMIZATION_LEVEL = "-Onone";
			};
			name = Debug;
		};
		EA0C87E21A2F714B00E433B9 /* Release */ = {
			isa = XCBuildConfiguration;
			buildSettings = {
				ALWAYS_SEARCH_USER_PATHS = NO;
				CLANG_CXX_LANGUAGE_STANDARD = "gnu++0x";
				CLANG_CXX_LIBRARY = "libc++";
				CLANG_ENABLE_MODULES = YES;
				CLANG_ENABLE_OBJC_ARC = YES;
				CLANG_WARN_BOOL_CONVERSION = YES;
				CLANG_WARN_CONSTANT_CONVERSION = YES;
				CLANG_WARN_DIRECT_OBJC_ISA_USAGE = YES_ERROR;
				CLANG_WARN_EMPTY_BODY = YES;
				CLANG_WARN_ENUM_CONVERSION = YES;
				CLANG_WARN_INT_CONVERSION = YES;
				CLANG_WARN_OBJC_ROOT_CLASS = YES_ERROR;
				CLANG_WARN_UNREACHABLE_CODE = YES;
				CLANG_WARN__DUPLICATE_METHOD_MATCH = YES;
				"CODE_SIGN_IDENTITY[sdk=iphoneos*]" = "iPhone Developer";
				COPY_PHASE_STRIP = YES;
				ENABLE_NS_ASSERTIONS = NO;
				ENABLE_STRICT_OBJC_MSGSEND = YES;
				GCC_C_LANGUAGE_STANDARD = gnu99;
				GCC_WARN_64_TO_32_BIT_CONVERSION = YES;
				GCC_WARN_ABOUT_RETURN_TYPE = YES_ERROR;
				GCC_WARN_UNDECLARED_SELECTOR = YES;
				GCC_WARN_UNINITIALIZED_AUTOS = YES_AGGRESSIVE;
				GCC_WARN_UNUSED_FUNCTION = YES;
				GCC_WARN_UNUSED_VARIABLE = YES;
				IPHONEOS_DEPLOYMENT_TARGET = 8.1;
				MTL_ENABLE_DEBUG_INFO = NO;
				SDKROOT = iphoneos;
				VALIDATE_PRODUCT = YES;
			};
			name = Release;
		};
		EA0C87E41A2F714B00E433B9 /* Debug */ = {
			isa = XCBuildConfiguration;
			buildSettings = {
				ASSETCATALOG_COMPILER_APPICON_NAME = AppIcon;
				INFOPLIST_FILE = FoodPin/Info.plist;
				LD_RUNPATH_SEARCH_PATHS = "$(inherited) @executable_path/Frameworks";
				PRODUCT_NAME = "$(TARGET_NAME)";
			};
			name = Debug;
		};
		EA0C87E51A2F714B00E433B9 /* Release */ = {
			isa = XCBuildConfiguration;
			buildSettings = {
				ASSETCATALOG_COMPILER_APPICON_NAME = AppIcon;
				INFOPLIST_FILE = FoodPin/Info.plist;
				LD_RUNPATH_SEARCH_PATHS = "$(inherited) @executable_path/Frameworks";
				PRODUCT_NAME = "$(TARGET_NAME)";
			};
			name = Release;
		};
		EA0C87E71A2F714B00E433B9 /* Debug */ = {
			isa = XCBuildConfiguration;
			buildSettings = {
				BUNDLE_LOADER = "$(TEST_HOST)";
				FRAMEWORK_SEARCH_PATHS = (
					"$(SDKROOT)/Developer/Library/Frameworks",
					"$(inherited)",
				);
				GCC_PREPROCESSOR_DEFINITIONS = (
					"DEBUG=1",
					"$(inherited)",
				);
				INFOPLIST_FILE = FoodPinTests/Info.plist;
				LD_RUNPATH_SEARCH_PATHS = "$(inherited) @executable_path/Frameworks @loader_path/Frameworks";
				PRODUCT_NAME = "$(TARGET_NAME)";
				TEST_HOST = "$(BUILT_PRODUCTS_DIR)/FoodPin.app/FoodPin";
			};
			name = Debug;
		};
		EA0C87E81A2F714B00E433B9 /* Release */ = {
			isa = XCBuildConfiguration;
			buildSettings = {
				BUNDLE_LOADER = "$(TEST_HOST)";
				FRAMEWORK_SEARCH_PATHS = (
					"$(SDKROOT)/Developer/Library/Frameworks",
					"$(inherited)",
				);
				INFOPLIST_FILE = FoodPinTests/Info.plist;
				LD_RUNPATH_SEARCH_PATHS = "$(inherited) @executable_path/Frameworks @loader_path/Frameworks";
				PRODUCT_NAME = "$(TARGET_NAME)";
				TEST_HOST = "$(BUILT_PRODUCTS_DIR)/FoodPin.app/FoodPin";
			};
			name = Release;
		};
/* End XCBuildConfiguration section */

/* Begin XCConfigurationList section */
		EA0C87BF1A2F714A00E433B9 /* Build configuration list for PBXProject "FoodPin" */ = {
			isa = XCConfigurationList;
			buildConfigurations = (
				EA0C87E11A2F714B00E433B9 /* Debug */,
				EA0C87E21A2F714B00E433B9 /* Release */,
			);
			defaultConfigurationIsVisible = 0;
			defaultConfigurationName = Release;
		};
		EA0C87E31A2F714B00E433B9 /* Build configuration list for PBXNativeTarget "FoodPin" */ = {
			isa = XCConfigurationList;
			buildConfigurations = (
				EA0C87E41A2F714B00E433B9 /* Debug */,
				EA0C87E51A2F714B00E433B9 /* Release */,
			);
			defaultConfigurationIsVisible = 0;
			defaultConfigurationName = Release;
		};
		EA0C87E61A2F714B00E433B9 /* Build configuration list for PBXNativeTarget "FoodPinTests" */ = {
			isa = XCConfigurationList;
			buildConfigurations = (
				EA0C87E71A2F714B00E433B9 /* Debug */,
				EA0C87E81A2F714B00E433B9 /* Release */,
			);
			defaultConfigurationIsVisible = 0;
			defaultConfigurationName = Release;
		};
/* End XCConfigurationList section */
	};
	rootObject = EA0C87BC1A2F714A00E433B9 /* Project object */;
}
